// !$*UTF8*$!
{
	archiveVersion = 1;
	classes = {
	};
	objectVersion = 50;
	objects = {

/* Begin PBXBuildFile section */
		1105DF94219D3FBF00A81EA9 /* YYTableViewSectionSingleController.m in Sources */ = {isa = PBXBuildFile; fileRef = 1105DF93219D3FBF00A81EA9 /* YYTableViewSectionSingleController.m */; };
		1105DF97219D3FCF00A81EA9 /* YYTableViewSectionManyController.m in Sources */ = {isa = PBXBuildFile; fileRef = 1105DF96219D3FCF00A81EA9 /* YYTableViewSectionManyController.m */; };
		1105DF9B219D40A600A81EA9 /* YYTestCell.m in Sources */ = {isa = PBXBuildFile; fileRef = 1105DF98219D40A600A81EA9 /* YYTestCell.m */; };
		1105DF9C219D40A600A81EA9 /* YYTestCell.xib in Resources */ = {isa = PBXBuildFile; fileRef = 1105DF99219D40A600A81EA9 /* YYTestCell.xib */; };
		1105DFA0219D40C600A81EA9 /* YYTestModel.m in Sources */ = {isa = PBXBuildFile; fileRef = 1105DF9F219D40C600A81EA9 /* YYTestModel.m */; };
		1105DFA6219D448300A81EA9 /* YYHeadTestView.xib in Resources */ = {isa = PBXBuildFile; fileRef = 1105DFA4219D448300A81EA9 /* YYHeadTestView.xib */; };
		1105DFA7219D448300A81EA9 /* YYHeadTestView.m in Sources */ = {isa = PBXBuildFile; fileRef = 1105DFA5219D448300A81EA9 /* YYHeadTestView.m */; };
		1105DFAB219D449400A81EA9 /* YYFootTestView.m in Sources */ = {isa = PBXBuildFile; fileRef = 1105DFA8219D449300A81EA9 /* YYFootTestView.m */; };
		1105DFAC219D449400A81EA9 /* YYFootTestView.xib in Resources */ = {isa = PBXBuildFile; fileRef = 1105DFA9219D449300A81EA9 /* YYFootTestView.xib */; };
		1105DFB1219D458300A81EA9 /* YYManyCell.m in Sources */ = {isa = PBXBuildFile; fileRef = 1105DFAF219D458300A81EA9 /* YYManyCell.m */; };
		1105DFB2219D458300A81EA9 /* YYManyCell.xib in Resources */ = {isa = PBXBuildFile; fileRef = 1105DFB0219D458300A81EA9 /* YYManyCell.xib */; };
		110B4407219C0AD10008B65C /* YYTableViewLayoutController.m in Sources */ = {isa = PBXBuildFile; fileRef = 110B4406219C0AD10008B65C /* YYTableViewLayoutController.m */; };
		110B440C219C0B190008B65C /* YYLayoutCell.m in Sources */ = {isa = PBXBuildFile; fileRef = 110B440A219C0B190008B65C /* YYLayoutCell.m */; };
		110B440D219C0B190008B65C /* YYLayoutCell.xib in Resources */ = {isa = PBXBuildFile; fileRef = 110B440B219C0B190008B65C /* YYLayoutCell.xib */; };
		110B4415219C18F00008B65C /* YYLayoutModel.m in Sources */ = {isa = PBXBuildFile; fileRef = 110B4414219C18F00008B65C /* YYLayoutModel.m */; };
		1125E0FB21B6CCC600D0E529 /* YYScrollView.m in Sources */ = {isa = PBXBuildFile; fileRef = 1125E0FA21B6CCC600D0E529 /* YYScrollView.m */; };
		1125E0FD21B6CCD200D0E529 /* YYScrollView.xib in Resources */ = {isa = PBXBuildFile; fileRef = 1125E0FC21B6CCD200D0E529 /* YYScrollView.xib */; };
		1125E10321B6D80900D0E529 /* UIViewController+BackButtonHandler.m in Sources */ = {isa = PBXBuildFile; fileRef = 1125E10221B6D80900D0E529 /* UIViewController+BackButtonHandler.m */; };
		112916142146120700B27CF0 /* YYTableViewController.m in Sources */ = {isa = PBXBuildFile; fileRef = 112916132146120700B27CF0 /* YYTableViewController.m */; };
		112916172146122100B27CF0 /* YYCollectionViewController.m in Sources */ = {isa = PBXBuildFile; fileRef = 112916162146122100B27CF0 /* YYCollectionViewController.m */; };
		1129161D214613D800B27CF0 /* YYMainTableViewCell.m in Sources */ = {isa = PBXBuildFile; fileRef = 1129161B214613D800B27CF0 /* YYMainTableViewCell.m */; };
		1129161E214613D800B27CF0 /* YYMainTableViewCell.xib in Resources */ = {isa = PBXBuildFile; fileRef = 1129161C214613D800B27CF0 /* YYMainTableViewCell.xib */; };
		11291626214615D800B27CF0 /* YYFootView.xib in Resources */ = {isa = PBXBuildFile; fileRef = 11291624214615D800B27CF0 /* YYFootView.xib */; };
		11291627214615D800B27CF0 /* YYFootView.m in Sources */ = {isa = PBXBuildFile; fileRef = 11291625214615D800B27CF0 /* YYFootView.m */; };
		1129162C214615DE00B27CF0 /* YYTableViewCell.m in Sources */ = {isa = PBXBuildFile; fileRef = 11291629214615DE00B27CF0 /* YYTableViewCell.m */; };
		1129162D214615DE00B27CF0 /* YYTableViewCell.xib in Resources */ = {isa = PBXBuildFile; fileRef = 1129162A214615DE00B27CF0 /* YYTableViewCell.xib */; };
		11291631214615EA00B27CF0 /* YYDrugModel.m in Sources */ = {isa = PBXBuildFile; fileRef = 11291630214615EA00B27CF0 /* YYDrugModel.m */; };
		112916372146512400B27CF0 /* YYCollectionViewCell.m in Sources */ = {isa = PBXBuildFile; fileRef = 112916352146512400B27CF0 /* YYCollectionViewCell.m */; };
		112916382146512400B27CF0 /* YYCollectionViewCell.xib in Resources */ = {isa = PBXBuildFile; fileRef = 112916362146512400B27CF0 /* YYCollectionViewCell.xib */; };
		112F35E421B699A70005123F /* YYiCarouselViewController.m in Sources */ = {isa = PBXBuildFile; fileRef = 112F35E321B699A70005123F /* YYiCarouselViewController.m */; };
		112F35E721B69A260005123F /* iCarousel.m in Sources */ = {isa = PBXBuildFile; fileRef = 112F35E521B69A260005123F /* iCarousel.m */; };
		112F35EC21B69A780005123F /* UIView+Extension.m in Sources */ = {isa = PBXBuildFile; fileRef = 112F35EB21B69A770005123F /* UIView+Extension.m */; };
		11344D5621D3CDD9002566C0 /* Son.m in Sources */ = {isa = PBXBuildFile; fileRef = 11344D5521D3CDD9002566C0 /* Son.m */; };
		1146478021DF2B7200FE091B /* YYTestRuntimeModel.m in Sources */ = {isa = PBXBuildFile; fileRef = 1146477F21DF2B7200FE091B /* YYTestRuntimeModel.m */; };
		1146478321DF2BA300FE091B /* YYTestPerson.m in Sources */ = {isa = PBXBuildFile; fileRef = 1146478221DF2BA300FE091B /* YYTestPerson.m */; };
		1163FA5D21476D3E00809A0D /* YYNoDataView.m in Sources */ = {isa = PBXBuildFile; fileRef = 1163FA5C21476D3E00809A0D /* YYNoDataView.m */; };
		1163FA5F21476D4C00809A0D /* YYNoDataView.xib in Resources */ = {isa = PBXBuildFile; fileRef = 1163FA5E21476D4C00809A0D /* YYNoDataView.xib */; };
		116541F22188797800327303 /* YYArraySortViewController.m in Sources */ = {isa = PBXBuildFile; fileRef = 116541F12188797800327303 /* YYArraySortViewController.m */; };
		116541F621887D1A00327303 /* YYLabel.m in Sources */ = {isa = PBXBuildFile; fileRef = 116541F521887D1A00327303 /* YYLabel.m */; };
		116541FB21887D7000327303 /* YYLabelViewController.m in Sources */ = {isa = PBXBuildFile; fileRef = 116541FA21887D7000327303 /* YYLabelViewController.m */; };
		116A1AB5215CC8CE007238B8 /* YYDatePickerController.m in Sources */ = {isa = PBXBuildFile; fileRef = 116A1AB4215CC8CE007238B8 /* YYDatePickerController.m */; };
		116E51F721D5C50300B2E489 /* YYBeyondParentViewController.m in Sources */ = {isa = PBXBuildFile; fileRef = 116E51F621D5C50300B2E489 /* YYBeyondParentViewController.m */; };
		1174A8C521D31ABB00BA98D7 /* YYArrayCopyViewController.m in Sources */ = {isa = PBXBuildFile; fileRef = 1174A8C421D31ABB00BA98D7 /* YYArrayCopyViewController.m */; };
		119695B2213B9B5F006035D4 /* YYAppDelegate.m in Sources */ = {isa = PBXBuildFile; fileRef = 119695B1213B9B5F006035D4 /* YYAppDelegate.m */; };
		119695B5213B9B5F006035D4 /* YYMainViewController.m in Sources */ = {isa = PBXBuildFile; fileRef = 119695B4213B9B5F006035D4 /* YYMainViewController.m */; };
		119695B8213B9B5F006035D4 /* Main.storyboard in Resources */ = {isa = PBXBuildFile; fileRef = 119695B6213B9B5F006035D4 /* Main.storyboard */; };
		119695BA213B9B60006035D4 /* Assets.xcassets in Resources */ = {isa = PBXBuildFile; fileRef = 119695B9213B9B60006035D4 /* Assets.xcassets */; };
		119695BD213B9B60006035D4 /* LaunchScreen.storyboard in Resources */ = {isa = PBXBuildFile; fileRef = 119695BB213B9B60006035D4 /* LaunchScreen.storyboard */; };
		119695C0213B9B60006035D4 /* main.m in Sources */ = {isa = PBXBuildFile; fileRef = 119695BF213B9B60006035D4 /* main.m */; };
		119695CA213B9B61006035D4 /* YYUIKitTests.m in Sources */ = {isa = PBXBuildFile; fileRef = 119695C9213B9B61006035D4 /* YYUIKitTests.m */; };
		119695D5213B9B61006035D4 /* YYUIKitUITests.m in Sources */ = {isa = PBXBuildFile; fileRef = 119695D4213B9B61006035D4 /* YYUIKitUITests.m */; };
		119DB60421902FE500441B3B /* YYTextFieldViewController.m in Sources */ = {isa = PBXBuildFile; fileRef = 119DB60221902FE500441B3B /* YYTextFieldViewController.m */; };
		119DB60521902FE500441B3B /* YYTextFieldViewController.xib in Resources */ = {isa = PBXBuildFile; fileRef = 119DB60321902FE500441B3B /* YYTextFieldViewController.xib */; };
		11A0959721533CF40065DE6F /* YYNestingTableViewController.m in Sources */ = {isa = PBXBuildFile; fileRef = 11A0959621533CF40065DE6F /* YYNestingTableViewController.m */; };
		11A0959D21533D790065DE6F /* YYNestingCell.m in Sources */ = {isa = PBXBuildFile; fileRef = 11A0959B21533D790065DE6F /* YYNestingCell.m */; };
		11A0959E21533D790065DE6F /* YYNestingCell.xib in Resources */ = {isa = PBXBuildFile; fileRef = 11A0959C21533D790065DE6F /* YYNestingCell.xib */; };
		11A095A221533E540065DE6F /* YYNestingSmallCell.m in Sources */ = {isa = PBXBuildFile; fileRef = 11A095A021533E540065DE6F /* YYNestingSmallCell.m */; };
		11A095A321533E540065DE6F /* YYNestingSmallCell.xib in Resources */ = {isa = PBXBuildFile; fileRef = 11A095A121533E540065DE6F /* YYNestingSmallCell.xib */; };
		11B308D022DC7B4F0087237E /* oneImageViewController.m in Sources */ = {isa = PBXBuildFile; fileRef = 11B308CF22DC7B4F0087237E /* oneImageViewController.m */; };
		11B308D322DC7B5F0087237E /* twoImageViewController.m in Sources */ = {isa = PBXBuildFile; fileRef = 11B308D222DC7B5F0087237E /* twoImageViewController.m */; };
		11B308D622DC7B6C0087237E /* threeImageViewController.m in Sources */ = {isa = PBXBuildFile; fileRef = 11B308D522DC7B6C0087237E /* threeImageViewController.m */; };
		11B308DC22DC7B840087237E /* collectionViewController.m in Sources */ = {isa = PBXBuildFile; fileRef = 11B308DB22DC7B840087237E /* collectionViewController.m */; };
		11B308E722DC81AC0087237E /* YYScrollController.m in Sources */ = {isa = PBXBuildFile; fileRef = 11B308E622DC81AC0087237E /* YYScrollController.m */; };
		11B308EA22DC843A0087237E /* manyViewController.m in Sources */ = {isa = PBXBuildFile; fileRef = 11B308E922DC843A0087237E /* manyViewController.m */; };
		11B308EE22DC84850087237E /* CollectionViewCell.m in Sources */ = {isa = PBXBuildFile; fileRef = 11B308ED22DC84850087237E /* CollectionViewCell.m */; };
		11B308F222DC84D10087237E /* XLCardSwitchFlowLayout.m in Sources */ = {isa = PBXBuildFile; fileRef = 11B308F122DC84D10087237E /* XLCardSwitchFlowLayout.m */; };
		11B308F422DC8D620087237E /* imageData.plist in Resources */ = {isa = PBXBuildFile; fileRef = 11B308F322DC8D620087237E /* imageData.plist */; };
		11B308F922DC91860087237E /* YYCollectionSearchController.m in Sources */ = {isa = PBXBuildFile; fileRef = 11B308F822DC91860087237E /* YYCollectionSearchController.m */; };
		11B308FD22DC91F00087237E /* MyCollectionViewCell.m in Sources */ = {isa = PBXBuildFile; fileRef = 11B308FB22DC91EF0087237E /* MyCollectionViewCell.m */; };
		11B3090122DC95200087237E /* scanQRCodeController.m in Sources */ = {isa = PBXBuildFile; fileRef = 11B3090022DC95200087237E /* scanQRCodeController.m */; };
		11D955C121C8A1FC00ED5F63 /* YYTableViewHeaderViewController.m in Sources */ = {isa = PBXBuildFile; fileRef = 11D955C021C8A1FC00ED5F63 /* YYTableViewHeaderViewController.m */; };
		11D955C621C8C7E700ED5F63 /* YYMathViewController.m in Sources */ = {isa = PBXBuildFile; fileRef = 11D955C521C8C7E700ED5F63 /* YYMathViewController.m */; };
		11F9B93121D61D6A00DB6178 /* HitTestView.m in Sources */ = {isa = PBXBuildFile; fileRef = 11F9B93021D61D6A00DB6178 /* HitTestView.m */; };
		11FDAB5D21D1DAF800F8A035 /* YYRunTimeViewController.m in Sources */ = {isa = PBXBuildFile; fileRef = 11FDAB5C21D1DAF800F8A035 /* YYRunTimeViewController.m */; };
		11FDAB6121D1DB6400F8A035 /* Tool.m in Sources */ = {isa = PBXBuildFile; fileRef = 11FDAB6021D1DB6400F8A035 /* Tool.m */; };
		11FDAB6621D1DCF100F8A035 /* Person.m in Sources */ = {isa = PBXBuildFile; fileRef = 11FDAB6521D1DCF100F8A035 /* Person.m */; };
		BD21611BB0A8C6302FA6B37A /* libPods-YYUIKit.a in Frameworks */ = {isa = PBXBuildFile; fileRef = 9EA75409AD8367526DBF9318 /* libPods-YYUIKit.a */; };
/* End PBXBuildFile section */

/* Begin PBXContainerItemProxy section */
		119695C6213B9B60006035D4 /* PBXContainerItemProxy */ = {
			isa = PBXContainerItemProxy;
			containerPortal = 119695A5213B9B5E006035D4 /* Project object */;
			proxyType = 1;
			remoteGlobalIDString = 119695AC213B9B5F006035D4;
			remoteInfo = YYUIKit;
		};
		119695D1213B9B61006035D4 /* PBXContainerItemProxy */ = {
			isa = PBXContainerItemProxy;
			containerPortal = 119695A5213B9B5E006035D4 /* Project object */;
			proxyType = 1;
			remoteGlobalIDString = 119695AC213B9B5F006035D4;
			remoteInfo = YYUIKit;
		};
/* End PBXContainerItemProxy section */

/* Begin PBXFileReference section */
		1105DF92219D3FBF00A81EA9 /* YYTableViewSectionSingleController.h */ = {isa = PBXFileReference; lastKnownFileType = sourcecode.c.h; path = YYTableViewSectionSingleController.h; sourceTree = "<group>"; };
		1105DF93219D3FBF00A81EA9 /* YYTableViewSectionSingleController.m */ = {isa = PBXFileReference; lastKnownFileType = sourcecode.c.objc; path = YYTableViewSectionSingleController.m; sourceTree = "<group>"; };
		1105DF95219D3FCF00A81EA9 /* YYTableViewSectionManyController.h */ = {isa = PBXFileReference; lastKnownFileType = sourcecode.c.h; path = YYTableViewSectionManyController.h; sourceTree = "<group>"; };
		1105DF96219D3FCF00A81EA9 /* YYTableViewSectionManyController.m */ = {isa = PBXFileReference; lastKnownFileType = sourcecode.c.objc; path = YYTableViewSectionManyController.m; sourceTree = "<group>"; };
		1105DF98219D40A600A81EA9 /* YYTestCell.m */ = {isa = PBXFileReference; fileEncoding = 4; lastKnownFileType = sourcecode.c.objc; path = YYTestCell.m; sourceTree = "<group>"; };
		1105DF99219D40A600A81EA9 /* YYTestCell.xib */ = {isa = PBXFileReference; fileEncoding = 4; lastKnownFileType = file.xib; path = YYTestCell.xib; sourceTree = "<group>"; };
		1105DF9A219D40A600A81EA9 /* YYTestCell.h */ = {isa = PBXFileReference; fileEncoding = 4; lastKnownFileType = sourcecode.c.h; path = YYTestCell.h; sourceTree = "<group>"; };
		1105DF9E219D40C600A81EA9 /* YYTestModel.h */ = {isa = PBXFileReference; fileEncoding = 4; lastKnownFileType = sourcecode.c.h; path = YYTestModel.h; sourceTree = "<group>"; };
		1105DF9F219D40C600A81EA9 /* YYTestModel.m */ = {isa = PBXFileReference; fileEncoding = 4; lastKnownFileType = sourcecode.c.objc; path = YYTestModel.m; sourceTree = "<group>"; };
		1105DFA3219D448200A81EA9 /* YYHeadTestView.h */ = {isa = PBXFileReference; fileEncoding = 4; lastKnownFileType = sourcecode.c.h; path = YYHeadTestView.h; sourceTree = "<group>"; };
		1105DFA4219D448300A81EA9 /* YYHeadTestView.xib */ = {isa = PBXFileReference; fileEncoding = 4; lastKnownFileType = file.xib; path = YYHeadTestView.xib; sourceTree = "<group>"; };
		1105DFA5219D448300A81EA9 /* YYHeadTestView.m */ = {isa = PBXFileReference; fileEncoding = 4; lastKnownFileType = sourcecode.c.objc; path = YYHeadTestView.m; sourceTree = "<group>"; };
		1105DFA8219D449300A81EA9 /* YYFootTestView.m */ = {isa = PBXFileReference; fileEncoding = 4; lastKnownFileType = sourcecode.c.objc; path = YYFootTestView.m; sourceTree = "<group>"; };
		1105DFA9219D449300A81EA9 /* YYFootTestView.xib */ = {isa = PBXFileReference; fileEncoding = 4; lastKnownFileType = file.xib; path = YYFootTestView.xib; sourceTree = "<group>"; };
		1105DFAA219D449300A81EA9 /* YYFootTestView.h */ = {isa = PBXFileReference; fileEncoding = 4; lastKnownFileType = sourcecode.c.h; path = YYFootTestView.h; sourceTree = "<group>"; };
		1105DFAE219D458300A81EA9 /* YYManyCell.h */ = {isa = PBXFileReference; lastKnownFileType = sourcecode.c.h; path = YYManyCell.h; sourceTree = "<group>"; };
		1105DFAF219D458300A81EA9 /* YYManyCell.m */ = {isa = PBXFileReference; lastKnownFileType = sourcecode.c.objc; path = YYManyCell.m; sourceTree = "<group>"; };
		1105DFB0219D458300A81EA9 /* YYManyCell.xib */ = {isa = PBXFileReference; lastKnownFileType = file.xib; path = YYManyCell.xib; sourceTree = "<group>"; };
		110B4405219C0AD10008B65C /* YYTableViewLayoutController.h */ = {isa = PBXFileReference; lastKnownFileType = sourcecode.c.h; path = YYTableViewLayoutController.h; sourceTree = "<group>"; };
		110B4406219C0AD10008B65C /* YYTableViewLayoutController.m */ = {isa = PBXFileReference; lastKnownFileType = sourcecode.c.objc; path = YYTableViewLayoutController.m; sourceTree = "<group>"; };
		110B4409219C0B190008B65C /* YYLayoutCell.h */ = {isa = PBXFileReference; lastKnownFileType = sourcecode.c.h; path = YYLayoutCell.h; sourceTree = "<group>"; };
		110B440A219C0B190008B65C /* YYLayoutCell.m */ = {isa = PBXFileReference; lastKnownFileType = sourcecode.c.objc; path = YYLayoutCell.m; sourceTree = "<group>"; };
		110B440B219C0B190008B65C /* YYLayoutCell.xib */ = {isa = PBXFileReference; lastKnownFileType = file.xib; path = YYLayoutCell.xib; sourceTree = "<group>"; };
		110B440E219C0CA90008B65C /* PrefixHeader.pch */ = {isa = PBXFileReference; lastKnownFileType = sourcecode.c.h; path = PrefixHeader.pch; sourceTree = "<group>"; };
		110B4413219C18F00008B65C /* YYLayoutModel.h */ = {isa = PBXFileReference; lastKnownFileType = sourcecode.c.h; path = YYLayoutModel.h; sourceTree = "<group>"; };
		110B4414219C18F00008B65C /* YYLayoutModel.m */ = {isa = PBXFileReference; lastKnownFileType = sourcecode.c.objc; path = YYLayoutModel.m; sourceTree = "<group>"; };
		1125E0F921B6CCC600D0E529 /* YYScrollView.h */ = {isa = PBXFileReference; lastKnownFileType = sourcecode.c.h; path = YYScrollView.h; sourceTree = "<group>"; };
		1125E0FA21B6CCC600D0E529 /* YYScrollView.m */ = {isa = PBXFileReference; lastKnownFileType = sourcecode.c.objc; path = YYScrollView.m; sourceTree = "<group>"; };
		1125E0FC21B6CCD200D0E529 /* YYScrollView.xib */ = {isa = PBXFileReference; lastKnownFileType = file.xib; path = YYScrollView.xib; sourceTree = "<group>"; };
		1125E10121B6D80900D0E529 /* UIViewController+BackButtonHandler.h */ = {isa = PBXFileReference; fileEncoding = 4; lastKnownFileType = sourcecode.c.h; path = "UIViewController+BackButtonHandler.h"; sourceTree = "<group>"; };
		1125E10221B6D80900D0E529 /* UIViewController+BackButtonHandler.m */ = {isa = PBXFileReference; fileEncoding = 4; lastKnownFileType = sourcecode.c.objc; path = "UIViewController+BackButtonHandler.m"; sourceTree = "<group>"; };
		112916122146120700B27CF0 /* YYTableViewController.h */ = {isa = PBXFileReference; lastKnownFileType = sourcecode.c.h; path = YYTableViewController.h; sourceTree = "<group>"; };
		112916132146120700B27CF0 /* YYTableViewController.m */ = {isa = PBXFileReference; lastKnownFileType = sourcecode.c.objc; path = YYTableViewController.m; sourceTree = "<group>"; };
		112916152146122100B27CF0 /* YYCollectionViewController.h */ = {isa = PBXFileReference; lastKnownFileType = sourcecode.c.h; path = YYCollectionViewController.h; sourceTree = "<group>"; };
		112916162146122100B27CF0 /* YYCollectionViewController.m */ = {isa = PBXFileReference; lastKnownFileType = sourcecode.c.objc; path = YYCollectionViewController.m; sourceTree = "<group>"; };
		1129161A214613D800B27CF0 /* YYMainTableViewCell.h */ = {isa = PBXFileReference; lastKnownFileType = sourcecode.c.h; path = YYMainTableViewCell.h; sourceTree = "<group>"; };
		1129161B214613D800B27CF0 /* YYMainTableViewCell.m */ = {isa = PBXFileReference; lastKnownFileType = sourcecode.c.objc; path = YYMainTableViewCell.m; sourceTree = "<group>"; };
		1129161C214613D800B27CF0 /* YYMainTableViewCell.xib */ = {isa = PBXFileReference; lastKnownFileType = file.xib; path = YYMainTableViewCell.xib; sourceTree = "<group>"; };
		11291623214615D800B27CF0 /* YYFootView.h */ = {isa = PBXFileReference; fileEncoding = 4; lastKnownFileType = sourcecode.c.h; path = YYFootView.h; sourceTree = "<group>"; };
		11291624214615D800B27CF0 /* YYFootView.xib */ = {isa = PBXFileReference; fileEncoding = 4; lastKnownFileType = file.xib; path = YYFootView.xib; sourceTree = "<group>"; };
		11291625214615D800B27CF0 /* YYFootView.m */ = {isa = PBXFileReference; fileEncoding = 4; lastKnownFileType = sourcecode.c.objc; path = YYFootView.m; sourceTree = "<group>"; };
		11291629214615DE00B27CF0 /* YYTableViewCell.m */ = {isa = PBXFileReference; fileEncoding = 4; lastKnownFileType = sourcecode.c.objc; path = YYTableViewCell.m; sourceTree = "<group>"; };
		1129162A214615DE00B27CF0 /* YYTableViewCell.xib */ = {isa = PBXFileReference; fileEncoding = 4; lastKnownFileType = file.xib; path = YYTableViewCell.xib; sourceTree = "<group>"; };
		1129162B214615DE00B27CF0 /* YYTableViewCell.h */ = {isa = PBXFileReference; fileEncoding = 4; lastKnownFileType = sourcecode.c.h; path = YYTableViewCell.h; sourceTree = "<group>"; };
		1129162F214615EA00B27CF0 /* YYDrugModel.h */ = {isa = PBXFileReference; fileEncoding = 4; lastKnownFileType = sourcecode.c.h; path = YYDrugModel.h; sourceTree = "<group>"; };
		11291630214615EA00B27CF0 /* YYDrugModel.m */ = {isa = PBXFileReference; fileEncoding = 4; lastKnownFileType = sourcecode.c.objc; path = YYDrugModel.m; sourceTree = "<group>"; };
		112916342146512400B27CF0 /* YYCollectionViewCell.h */ = {isa = PBXFileReference; lastKnownFileType = sourcecode.c.h; path = YYCollectionViewCell.h; sourceTree = "<group>"; };
		112916352146512400B27CF0 /* YYCollectionViewCell.m */ = {isa = PBXFileReference; lastKnownFileType = sourcecode.c.objc; path = YYCollectionViewCell.m; sourceTree = "<group>"; };
		112916362146512400B27CF0 /* YYCollectionViewCell.xib */ = {isa = PBXFileReference; lastKnownFileType = file.xib; path = YYCollectionViewCell.xib; sourceTree = "<group>"; };
		112F35E221B699A70005123F /* YYiCarouselViewController.h */ = {isa = PBXFileReference; lastKnownFileType = sourcecode.c.h; path = YYiCarouselViewController.h; sourceTree = "<group>"; };
		112F35E321B699A70005123F /* YYiCarouselViewController.m */ = {isa = PBXFileReference; lastKnownFileType = sourcecode.c.objc; path = YYiCarouselViewController.m; sourceTree = "<group>"; };
		112F35E521B69A260005123F /* iCarousel.m */ = {isa = PBXFileReference; fileEncoding = 4; lastKnownFileType = sourcecode.c.objc; path = iCarousel.m; sourceTree = "<group>"; };
		112F35E621B69A260005123F /* iCarousel.h */ = {isa = PBXFileReference; fileEncoding = 4; lastKnownFileType = sourcecode.c.h; path = iCarousel.h; sourceTree = "<group>"; };
		112F35EA21B69A770005123F /* UIView+Extension.h */ = {isa = PBXFileReference; fileEncoding = 4; lastKnownFileType = sourcecode.c.h; path = "UIView+Extension.h"; sourceTree = "<group>"; };
		112F35EB21B69A770005123F /* UIView+Extension.m */ = {isa = PBXFileReference; fileEncoding = 4; lastKnownFileType = sourcecode.c.objc; path = "UIView+Extension.m"; sourceTree = "<group>"; };
		11344D5421D3CDD9002566C0 /* Son.h */ = {isa = PBXFileReference; lastKnownFileType = sourcecode.c.h; path = Son.h; sourceTree = "<group>"; };
		11344D5521D3CDD9002566C0 /* Son.m */ = {isa = PBXFileReference; lastKnownFileType = sourcecode.c.objc; path = Son.m; sourceTree = "<group>"; };
		1146477E21DF2B7200FE091B /* YYTestRuntimeModel.h */ = {isa = PBXFileReference; lastKnownFileType = sourcecode.c.h; path = YYTestRuntimeModel.h; sourceTree = "<group>"; };
		1146477F21DF2B7200FE091B /* YYTestRuntimeModel.m */ = {isa = PBXFileReference; lastKnownFileType = sourcecode.c.objc; path = YYTestRuntimeModel.m; sourceTree = "<group>"; };
		1146478121DF2BA300FE091B /* YYTestPerson.h */ = {isa = PBXFileReference; lastKnownFileType = sourcecode.c.h; path = YYTestPerson.h; sourceTree = "<group>"; };
		1146478221DF2BA300FE091B /* YYTestPerson.m */ = {isa = PBXFileReference; lastKnownFileType = sourcecode.c.objc; path = YYTestPerson.m; sourceTree = "<group>"; };
		1163FA5B21476D3E00809A0D /* YYNoDataView.h */ = {isa = PBXFileReference; lastKnownFileType = sourcecode.c.h; path = YYNoDataView.h; sourceTree = "<group>"; };
		1163FA5C21476D3E00809A0D /* YYNoDataView.m */ = {isa = PBXFileReference; lastKnownFileType = sourcecode.c.objc; path = YYNoDataView.m; sourceTree = "<group>"; };
		1163FA5E21476D4C00809A0D /* YYNoDataView.xib */ = {isa = PBXFileReference; lastKnownFileType = file.xib; path = YYNoDataView.xib; sourceTree = "<group>"; };
		116541F02188797800327303 /* YYArraySortViewController.h */ = {isa = PBXFileReference; lastKnownFileType = sourcecode.c.h; path = YYArraySortViewController.h; sourceTree = "<group>"; };
		116541F12188797800327303 /* YYArraySortViewController.m */ = {isa = PBXFileReference; lastKnownFileType = sourcecode.c.objc; path = YYArraySortViewController.m; sourceTree = "<group>"; };
		116541F421887D1A00327303 /* YYLabel.h */ = {isa = PBXFileReference; lastKnownFileType = sourcecode.c.h; path = YYLabel.h; sourceTree = "<group>"; };
		116541F521887D1A00327303 /* YYLabel.m */ = {isa = PBXFileReference; lastKnownFileType = sourcecode.c.objc; path = YYLabel.m; sourceTree = "<group>"; };
		116541F921887D7000327303 /* YYLabelViewController.h */ = {isa = PBXFileReference; lastKnownFileType = sourcecode.c.h; path = YYLabelViewController.h; sourceTree = "<group>"; };
		116541FA21887D7000327303 /* YYLabelViewController.m */ = {isa = PBXFileReference; lastKnownFileType = sourcecode.c.objc; path = YYLabelViewController.m; sourceTree = "<group>"; };
		116A1AB3215CC8CE007238B8 /* YYDatePickerController.h */ = {isa = PBXFileReference; lastKnownFileType = sourcecode.c.h; path = YYDatePickerController.h; sourceTree = "<group>"; };
		116A1AB4215CC8CE007238B8 /* YYDatePickerController.m */ = {isa = PBXFileReference; lastKnownFileType = sourcecode.c.objc; path = YYDatePickerController.m; sourceTree = "<group>"; };
		116E51F521D5C50300B2E489 /* YYBeyondParentViewController.h */ = {isa = PBXFileReference; lastKnownFileType = sourcecode.c.h; path = YYBeyondParentViewController.h; sourceTree = "<group>"; };
		116E51F621D5C50300B2E489 /* YYBeyondParentViewController.m */ = {isa = PBXFileReference; lastKnownFileType = sourcecode.c.objc; path = YYBeyondParentViewController.m; sourceTree = "<group>"; };
		1174A8C321D31ABB00BA98D7 /* YYArrayCopyViewController.h */ = {isa = PBXFileReference; lastKnownFileType = sourcecode.c.h; path = YYArrayCopyViewController.h; sourceTree = "<group>"; };
		1174A8C421D31ABB00BA98D7 /* YYArrayCopyViewController.m */ = {isa = PBXFileReference; lastKnownFileType = sourcecode.c.objc; path = YYArrayCopyViewController.m; sourceTree = "<group>"; };
		119695AD213B9B5F006035D4 /* YYUIKit.app */ = {isa = PBXFileReference; explicitFileType = wrapper.application; includeInIndex = 0; path = YYUIKit.app; sourceTree = BUILT_PRODUCTS_DIR; };
		119695B0213B9B5F006035D4 /* YYAppDelegate.h */ = {isa = PBXFileReference; lastKnownFileType = sourcecode.c.h; path = YYAppDelegate.h; sourceTree = "<group>"; };
		119695B1213B9B5F006035D4 /* YYAppDelegate.m */ = {isa = PBXFileReference; lastKnownFileType = sourcecode.c.objc; path = YYAppDelegate.m; sourceTree = "<group>"; };
		119695B3213B9B5F006035D4 /* YYMainViewController.h */ = {isa = PBXFileReference; lastKnownFileType = sourcecode.c.h; path = YYMainViewController.h; sourceTree = "<group>"; };
		119695B4213B9B5F006035D4 /* YYMainViewController.m */ = {isa = PBXFileReference; lastKnownFileType = sourcecode.c.objc; path = YYMainViewController.m; sourceTree = "<group>"; };
		119695B7213B9B5F006035D4 /* Base */ = {isa = PBXFileReference; lastKnownFileType = file.storyboard; name = Base; path = Base.lproj/Main.storyboard; sourceTree = "<group>"; };
		119695B9213B9B60006035D4 /* Assets.xcassets */ = {isa = PBXFileReference; lastKnownFileType = folder.assetcatalog; path = Assets.xcassets; sourceTree = "<group>"; };
		119695BC213B9B60006035D4 /* Base */ = {isa = PBXFileReference; lastKnownFileType = file.storyboard; name = Base; path = Base.lproj/LaunchScreen.storyboard; sourceTree = "<group>"; };
		119695BE213B9B60006035D4 /* Info.plist */ = {isa = PBXFileReference; lastKnownFileType = text.plist.xml; path = Info.plist; sourceTree = "<group>"; };
		119695BF213B9B60006035D4 /* main.m */ = {isa = PBXFileReference; lastKnownFileType = sourcecode.c.objc; path = main.m; sourceTree = "<group>"; };
		119695C5213B9B60006035D4 /* YYUIKitTests.xctest */ = {isa = PBXFileReference; explicitFileType = wrapper.cfbundle; includeInIndex = 0; path = YYUIKitTests.xctest; sourceTree = BUILT_PRODUCTS_DIR; };
		119695C9213B9B61006035D4 /* YYUIKitTests.m */ = {isa = PBXFileReference; lastKnownFileType = sourcecode.c.objc; path = YYUIKitTests.m; sourceTree = "<group>"; };
		119695CB213B9B61006035D4 /* Info.plist */ = {isa = PBXFileReference; lastKnownFileType = text.plist.xml; path = Info.plist; sourceTree = "<group>"; };
		119695D0213B9B61006035D4 /* YYUIKitUITests.xctest */ = {isa = PBXFileReference; explicitFileType = wrapper.cfbundle; includeInIndex = 0; path = YYUIKitUITests.xctest; sourceTree = BUILT_PRODUCTS_DIR; };
		119695D4213B9B61006035D4 /* YYUIKitUITests.m */ = {isa = PBXFileReference; lastKnownFileType = sourcecode.c.objc; path = YYUIKitUITests.m; sourceTree = "<group>"; };
		119695D6213B9B61006035D4 /* Info.plist */ = {isa = PBXFileReference; lastKnownFileType = text.plist.xml; path = Info.plist; sourceTree = "<group>"; };
		119DB60121902FE500441B3B /* YYTextFieldViewController.h */ = {isa = PBXFileReference; lastKnownFileType = sourcecode.c.h; path = YYTextFieldViewController.h; sourceTree = "<group>"; };
		119DB60221902FE500441B3B /* YYTextFieldViewController.m */ = {isa = PBXFileReference; lastKnownFileType = sourcecode.c.objc; path = YYTextFieldViewController.m; sourceTree = "<group>"; };
		119DB60321902FE500441B3B /* YYTextFieldViewController.xib */ = {isa = PBXFileReference; lastKnownFileType = file.xib; path = YYTextFieldViewController.xib; sourceTree = "<group>"; };
		11A0959521533CF40065DE6F /* YYNestingTableViewController.h */ = {isa = PBXFileReference; lastKnownFileType = sourcecode.c.h; path = YYNestingTableViewController.h; sourceTree = "<group>"; };
		11A0959621533CF40065DE6F /* YYNestingTableViewController.m */ = {isa = PBXFileReference; lastKnownFileType = sourcecode.c.objc; path = YYNestingTableViewController.m; sourceTree = "<group>"; };
		11A0959A21533D790065DE6F /* YYNestingCell.h */ = {isa = PBXFileReference; lastKnownFileType = sourcecode.c.h; path = YYNestingCell.h; sourceTree = "<group>"; };
		11A0959B21533D790065DE6F /* YYNestingCell.m */ = {isa = PBXFileReference; lastKnownFileType = sourcecode.c.objc; path = YYNestingCell.m; sourceTree = "<group>"; };
		11A0959C21533D790065DE6F /* YYNestingCell.xib */ = {isa = PBXFileReference; lastKnownFileType = file.xib; path = YYNestingCell.xib; sourceTree = "<group>"; };
		11A0959F21533E540065DE6F /* YYNestingSmallCell.h */ = {isa = PBXFileReference; lastKnownFileType = sourcecode.c.h; path = YYNestingSmallCell.h; sourceTree = "<group>"; };
		11A095A021533E540065DE6F /* YYNestingSmallCell.m */ = {isa = PBXFileReference; lastKnownFileType = sourcecode.c.objc; path = YYNestingSmallCell.m; sourceTree = "<group>"; };
		11A095A121533E540065DE6F /* YYNestingSmallCell.xib */ = {isa = PBXFileReference; lastKnownFileType = file.xib; path = YYNestingSmallCell.xib; sourceTree = "<group>"; };
		11B308CE22DC7B4F0087237E /* oneImageViewController.h */ = {isa = PBXFileReference; lastKnownFileType = sourcecode.c.h; path = oneImageViewController.h; sourceTree = "<group>"; };
		11B308CF22DC7B4F0087237E /* oneImageViewController.m */ = {isa = PBXFileReference; lastKnownFileType = sourcecode.c.objc; path = oneImageViewController.m; sourceTree = "<group>"; };
		11B308D122DC7B5F0087237E /* twoImageViewController.h */ = {isa = PBXFileReference; lastKnownFileType = sourcecode.c.h; path = twoImageViewController.h; sourceTree = "<group>"; };
		11B308D222DC7B5F0087237E /* twoImageViewController.m */ = {isa = PBXFileReference; lastKnownFileType = sourcecode.c.objc; path = twoImageViewController.m; sourceTree = "<group>"; };
		11B308D422DC7B6C0087237E /* threeImageViewController.h */ = {isa = PBXFileReference; lastKnownFileType = sourcecode.c.h; path = threeImageViewController.h; sourceTree = "<group>"; };
		11B308D522DC7B6C0087237E /* threeImageViewController.m */ = {isa = PBXFileReference; lastKnownFileType = sourcecode.c.objc; path = threeImageViewController.m; sourceTree = "<group>"; };
		11B308DA22DC7B840087237E /* collectionViewController.h */ = {isa = PBXFileReference; lastKnownFileType = sourcecode.c.h; path = collectionViewController.h; sourceTree = "<group>"; };
		11B308DB22DC7B840087237E /* collectionViewController.m */ = {isa = PBXFileReference; lastKnownFileType = sourcecode.c.objc; path = collectionViewController.m; sourceTree = "<group>"; };
		11B308E522DC81AC0087237E /* YYScrollController.h */ = {isa = PBXFileReference; lastKnownFileType = sourcecode.c.h; path = YYScrollController.h; sourceTree = "<group>"; };
		11B308E622DC81AC0087237E /* YYScrollController.m */ = {isa = PBXFileReference; lastKnownFileType = sourcecode.c.objc; path = YYScrollController.m; sourceTree = "<group>"; };
		11B308E822DC843A0087237E /* manyViewController.h */ = {isa = PBXFileReference; fileEncoding = 4; lastKnownFileType = sourcecode.c.h; path = manyViewController.h; sourceTree = "<group>"; };
		11B308E922DC843A0087237E /* manyViewController.m */ = {isa = PBXFileReference; fileEncoding = 4; lastKnownFileType = sourcecode.c.objc; path = manyViewController.m; sourceTree = "<group>"; };
		11B308EC22DC84850087237E /* CollectionViewCell.h */ = {isa = PBXFileReference; fileEncoding = 4; lastKnownFileType = sourcecode.c.h; path = CollectionViewCell.h; sourceTree = "<group>"; };
		11B308ED22DC84850087237E /* CollectionViewCell.m */ = {isa = PBXFileReference; fileEncoding = 4; lastKnownFileType = sourcecode.c.objc; path = CollectionViewCell.m; sourceTree = "<group>"; };
		11B308F022DC84D10087237E /* XLCardSwitchFlowLayout.h */ = {isa = PBXFileReference; fileEncoding = 4; lastKnownFileType = sourcecode.c.h; path = XLCardSwitchFlowLayout.h; sourceTree = "<group>"; };
		11B308F122DC84D10087237E /* XLCardSwitchFlowLayout.m */ = {isa = PBXFileReference; fileEncoding = 4; lastKnownFileType = sourcecode.c.objc; path = XLCardSwitchFlowLayout.m; sourceTree = "<group>"; };
		11B308F322DC8D620087237E /* imageData.plist */ = {isa = PBXFileReference; fileEncoding = 4; lastKnownFileType = text.plist.xml; path = imageData.plist; sourceTree = "<group>"; };
		11B308F722DC91860087237E /* YYCollectionSearchController.h */ = {isa = PBXFileReference; lastKnownFileType = sourcecode.c.h; path = YYCollectionSearchController.h; sourceTree = "<group>"; };
		11B308F822DC91860087237E /* YYCollectionSearchController.m */ = {isa = PBXFileReference; lastKnownFileType = sourcecode.c.objc; path = YYCollectionSearchController.m; sourceTree = "<group>"; };
		11B308FB22DC91EF0087237E /* MyCollectionViewCell.m */ = {isa = PBXFileReference; fileEncoding = 4; lastKnownFileType = sourcecode.c.objc; path = MyCollectionViewCell.m; sourceTree = "<group>"; };
		11B308FC22DC91EF0087237E /* MyCollectionViewCell.h */ = {isa = PBXFileReference; fileEncoding = 4; lastKnownFileType = sourcecode.c.h; path = MyCollectionViewCell.h; sourceTree = "<group>"; };
		11B308FF22DC95200087237E /* scanQRCodeController.h */ = {isa = PBXFileReference; lastKnownFileType = sourcecode.c.h; path = scanQRCodeController.h; sourceTree = "<group>"; };
		11B3090022DC95200087237E /* scanQRCodeController.m */ = {isa = PBXFileReference; lastKnownFileType = sourcecode.c.objc; path = scanQRCodeController.m; sourceTree = "<group>"; };
		11D955BF21C8A1FC00ED5F63 /* YYTableViewHeaderViewController.h */ = {isa = PBXFileReference; lastKnownFileType = sourcecode.c.h; path = YYTableViewHeaderViewController.h; sourceTree = "<group>"; };
		11D955C021C8A1FC00ED5F63 /* YYTableViewHeaderViewController.m */ = {isa = PBXFileReference; lastKnownFileType = sourcecode.c.objc; path = YYTableViewHeaderViewController.m; sourceTree = "<group>"; };
		11D955C421C8C7E700ED5F63 /* YYMathViewController.h */ = {isa = PBXFileReference; lastKnownFileType = sourcecode.c.h; path = YYMathViewController.h; sourceTree = "<group>"; };
		11D955C521C8C7E700ED5F63 /* YYMathViewController.m */ = {isa = PBXFileReference; lastKnownFileType = sourcecode.c.objc; path = YYMathViewController.m; sourceTree = "<group>"; };
		11F9B92F21D61D6900DB6178 /* HitTestView.h */ = {isa = PBXFileReference; fileEncoding = 4; lastKnownFileType = sourcecode.c.h; path = HitTestView.h; sourceTree = "<group>"; };
		11F9B93021D61D6A00DB6178 /* HitTestView.m */ = {isa = PBXFileReference; fileEncoding = 4; lastKnownFileType = sourcecode.c.objc; path = HitTestView.m; sourceTree = "<group>"; };
		11FDAB5B21D1DAF800F8A035 /* YYRunTimeViewController.h */ = {isa = PBXFileReference; lastKnownFileType = sourcecode.c.h; path = YYRunTimeViewController.h; sourceTree = "<group>"; };
		11FDAB5C21D1DAF800F8A035 /* YYRunTimeViewController.m */ = {isa = PBXFileReference; lastKnownFileType = sourcecode.c.objc; path = YYRunTimeViewController.m; sourceTree = "<group>"; };
		11FDAB5F21D1DB6400F8A035 /* Tool.h */ = {isa = PBXFileReference; lastKnownFileType = sourcecode.c.h; path = Tool.h; sourceTree = "<group>"; };
		11FDAB6021D1DB6400F8A035 /* Tool.m */ = {isa = PBXFileReference; lastKnownFileType = sourcecode.c.objc; path = Tool.m; sourceTree = "<group>"; };
		11FDAB6421D1DCF100F8A035 /* Person.h */ = {isa = PBXFileReference; lastKnownFileType = sourcecode.c.h; path = Person.h; sourceTree = "<group>"; };
		11FDAB6521D1DCF100F8A035 /* Person.m */ = {isa = PBXFileReference; lastKnownFileType = sourcecode.c.objc; path = Person.m; sourceTree = "<group>"; };
		455DF9753812959CA6F12E3C /* Pods-YYUIKit.debug.xcconfig */ = {isa = PBXFileReference; includeInIndex = 1; lastKnownFileType = text.xcconfig; name = "Pods-YYUIKit.debug.xcconfig"; path = "Pods/Target Support Files/Pods-YYUIKit/Pods-YYUIKit.debug.xcconfig"; sourceTree = "<group>"; };
		9EA75409AD8367526DBF9318 /* libPods-YYUIKit.a */ = {isa = PBXFileReference; explicitFileType = archive.ar; includeInIndex = 0; path = "libPods-YYUIKit.a"; sourceTree = BUILT_PRODUCTS_DIR; };
		D3D6D655FED25935A1370CAC /* Pods-YYUIKit.release.xcconfig */ = {isa = PBXFileReference; includeInIndex = 1; lastKnownFileType = text.xcconfig; name = "Pods-YYUIKit.release.xcconfig"; path = "Pods/Target Support Files/Pods-YYUIKit/Pods-YYUIKit.release.xcconfig"; sourceTree = "<group>"; };
/* End PBXFileReference section */

/* Begin PBXFrameworksBuildPhase section */
		119695AA213B9B5F006035D4 /* Frameworks */ = {
			isa = PBXFrameworksBuildPhase;
			buildActionMask = 2147483647;
			files = (
				BD21611BB0A8C6302FA6B37A /* libPods-YYUIKit.a in Frameworks */,
			);
			runOnlyForDeploymentPostprocessing = 0;
		};
		119695C2213B9B60006035D4 /* Frameworks */ = {
			isa = PBXFrameworksBuildPhase;
			buildActionMask = 2147483647;
			files = (
			);
			runOnlyForDeploymentPostprocessing = 0;
		};
		119695CD213B9B61006035D4 /* Frameworks */ = {
			isa = PBXFrameworksBuildPhase;
			buildActionMask = 2147483647;
			files = (
			);
			runOnlyForDeploymentPostprocessing = 0;
		};
/* End PBXFrameworksBuildPhase section */

/* Begin PBXGroup section */
		1105DF8C219D3EBB00A81EA9 /* tableView分组(单个cell) */ = {
			isa = PBXGroup;
			children = (
				1105DF8E219D3EEB00A81EA9 /* Controller */,
				1105DF92219D3FBF00A81EA9 /* YYTableViewSectionSingleController.h */,
				1105DF93219D3FBF00A81EA9 /* YYTableViewSectionSingleController.m */,
				1105DF90219D3EFE00A81EA9 /* View */,
				1105DF9D219D40B300A81EA9 /* Model */,
			);
			path = "tableView分组(单个cell)";
			sourceTree = "<group>";
		};
		1105DF8D219D3ED200A81EA9 /* tableView分组(多个cell) */ = {
			isa = PBXGroup;
			children = (
				1105DF8F219D3EF600A81EA9 /* Controller */,
				1105DF91219D3F0200A81EA9 /* View */,
			);
			path = "tableView分组(多个cell)";
			sourceTree = "<group>";
		};
		1105DF8E219D3EEB00A81EA9 /* Controller */ = {
			isa = PBXGroup;
			children = (
			);
			path = Controller;
			sourceTree = "<group>";
		};
		1105DF8F219D3EF600A81EA9 /* Controller */ = {
			isa = PBXGroup;
			children = (
				1105DF95219D3FCF00A81EA9 /* YYTableViewSectionManyController.h */,
				1105DF96219D3FCF00A81EA9 /* YYTableViewSectionManyController.m */,
			);
			path = Controller;
			sourceTree = "<group>";
		};
		1105DF90219D3EFE00A81EA9 /* View */ = {
			isa = PBXGroup;
			children = (
				1105DF9A219D40A600A81EA9 /* YYTestCell.h */,
				1105DF98219D40A600A81EA9 /* YYTestCell.m */,
				1105DF99219D40A600A81EA9 /* YYTestCell.xib */,
			);
			path = View;
			sourceTree = "<group>";
		};
		1105DF91219D3F0200A81EA9 /* View */ = {
			isa = PBXGroup;
			children = (
				1105DFAD219D455D00A81EA9 /* cell */,
				1105DFA1219D446300A81EA9 /* HeadView */,
				1105DFA2219D446C00A81EA9 /* FootView */,
			);
			path = View;
			sourceTree = "<group>";
		};
		1105DF9D219D40B300A81EA9 /* Model */ = {
			isa = PBXGroup;
			children = (
				1105DF9E219D40C600A81EA9 /* YYTestModel.h */,
				1105DF9F219D40C600A81EA9 /* YYTestModel.m */,
			);
			path = Model;
			sourceTree = "<group>";
		};
		1105DFA1219D446300A81EA9 /* HeadView */ = {
			isa = PBXGroup;
			children = (
				1105DFA3219D448200A81EA9 /* YYHeadTestView.h */,
				1105DFA5219D448300A81EA9 /* YYHeadTestView.m */,
				1105DFA4219D448300A81EA9 /* YYHeadTestView.xib */,
			);
			path = HeadView;
			sourceTree = "<group>";
		};
		1105DFA2219D446C00A81EA9 /* FootView */ = {
			isa = PBXGroup;
			children = (
				1105DFAA219D449300A81EA9 /* YYFootTestView.h */,
				1105DFA8219D449300A81EA9 /* YYFootTestView.m */,
				1105DFA9219D449300A81EA9 /* YYFootTestView.xib */,
			);
			path = FootView;
			sourceTree = "<group>";
		};
		1105DFAD219D455D00A81EA9 /* cell */ = {
			isa = PBXGroup;
			children = (
				1105DFAE219D458300A81EA9 /* YYManyCell.h */,
				1105DFAF219D458300A81EA9 /* YYManyCell.m */,
				1105DFB0219D458300A81EA9 /* YYManyCell.xib */,
			);
			path = cell;
			sourceTree = "<group>";
		};
		110B4403219C0A790008B65C /* tableViewCell自动布局 */ = {
			isa = PBXGroup;
			children = (
				110B4404219C0A990008B65C /* Controller */,
				110B4405219C0AD10008B65C /* YYTableViewLayoutController.h */,
				110B4406219C0AD10008B65C /* YYTableViewLayoutController.m */,
				110B4408219C0AF90008B65C /* View */,
				110B440F219C15BB0008B65C /* Model */,
			);
			path = "tableViewCell自动布局";
			sourceTree = "<group>";
		};
		110B4404219C0A990008B65C /* Controller */ = {
			isa = PBXGroup;
			children = (
			);
			path = Controller;
			sourceTree = "<group>";
		};
		110B4408219C0AF90008B65C /* View */ = {
			isa = PBXGroup;
			children = (
				110B4409219C0B190008B65C /* YYLayoutCell.h */,
				110B440A219C0B190008B65C /* YYLayoutCell.m */,
				110B440B219C0B190008B65C /* YYLayoutCell.xib */,
			);
			path = View;
			sourceTree = "<group>";
		};
		110B440F219C15BB0008B65C /* Model */ = {
			isa = PBXGroup;
			children = (
				110B4413219C18F00008B65C /* YYLayoutModel.h */,
				110B4414219C18F00008B65C /* YYLayoutModel.m */,
			);
			path = Model;
			sourceTree = "<group>";
		};
		1125E0F821B6CC9700D0E529 /* View */ = {
			isa = PBXGroup;
			children = (
				1125E0F921B6CCC600D0E529 /* YYScrollView.h */,
				1125E0FA21B6CCC600D0E529 /* YYScrollView.m */,
				1125E0FC21B6CCD200D0E529 /* YYScrollView.xib */,
			);
			path = View;
			sourceTree = "<group>";
		};
		1125E0FE21B6CCDB00D0E529 /* Category */ = {
			isa = PBXGroup;
			children = (
				1125E10121B6D80900D0E529 /* UIViewController+BackButtonHandler.h */,
				1125E10221B6D80900D0E529 /* UIViewController+BackButtonHandler.m */,
				112F35EA21B69A770005123F /* UIView+Extension.h */,
				112F35EB21B69A770005123F /* UIView+Extension.m */,
			);
			path = Category;
			sourceTree = "<group>";
		};
		112916112146119B00B27CF0 /* UITableView分组 */ = {
			isa = PBXGroup;
			children = (
				1129161F2146156900B27CF0 /* Controller */,
				112916202146157D00B27CF0 /* View */,
				1129162E214615EA00B27CF0 /* Model */,
			);
			path = "UITableView分组";
			sourceTree = "<group>";
		};
		112916182146139A00B27CF0 /* Controller */ = {
			isa = PBXGroup;
			children = (
				119695B3213B9B5F006035D4 /* YYMainViewController.h */,
				119695B4213B9B5F006035D4 /* YYMainViewController.m */,
			);
			path = Controller;
			sourceTree = "<group>";
		};
		11291619214613A200B27CF0 /* View */ = {
			isa = PBXGroup;
			children = (
				1129161A214613D800B27CF0 /* YYMainTableViewCell.h */,
				1129161B214613D800B27CF0 /* YYMainTableViewCell.m */,
				1129161C214613D800B27CF0 /* YYMainTableViewCell.xib */,
			);
			path = View;
			sourceTree = "<group>";
		};
		1129161F2146156900B27CF0 /* Controller */ = {
			isa = PBXGroup;
			children = (
				112916122146120700B27CF0 /* YYTableViewController.h */,
				112916132146120700B27CF0 /* YYTableViewController.m */,
			);
			path = Controller;
			sourceTree = "<group>";
		};
		112916202146157D00B27CF0 /* View */ = {
			isa = PBXGroup;
			children = (
				1163FA5A21476D2200809A0D /* NoDataView */,
				11291622214615D800B27CF0 /* FootView */,
				11291628214615DE00B27CF0 /* cell */,
			);
			path = View;
			sourceTree = "<group>";
		};
		112916212146158400B27CF0 /* Controller */ = {
			isa = PBXGroup;
			children = (
				112916152146122100B27CF0 /* YYCollectionViewController.h */,
				112916162146122100B27CF0 /* YYCollectionViewController.m */,
			);
			path = Controller;
			sourceTree = "<group>";
		};
		11291622214615D800B27CF0 /* FootView */ = {
			isa = PBXGroup;
			children = (
				11291623214615D800B27CF0 /* YYFootView.h */,
				11291625214615D800B27CF0 /* YYFootView.m */,
				11291624214615D800B27CF0 /* YYFootView.xib */,
			);
			path = FootView;
			sourceTree = "<group>";
		};
		11291628214615DE00B27CF0 /* cell */ = {
			isa = PBXGroup;
			children = (
				1129162B214615DE00B27CF0 /* YYTableViewCell.h */,
				11291629214615DE00B27CF0 /* YYTableViewCell.m */,
				1129162A214615DE00B27CF0 /* YYTableViewCell.xib */,
			);
			path = cell;
			sourceTree = "<group>";
		};
		1129162E214615EA00B27CF0 /* Model */ = {
			isa = PBXGroup;
			children = (
				1129162F214615EA00B27CF0 /* YYDrugModel.h */,
				11291630214615EA00B27CF0 /* YYDrugModel.m */,
			);
			path = Model;
			sourceTree = "<group>";
		};
		11291632214650E200B27CF0 /* View */ = {
			isa = PBXGroup;
			children = (
				112916342146512400B27CF0 /* YYCollectionViewCell.h */,
				112916352146512400B27CF0 /* YYCollectionViewCell.m */,
				112916362146512400B27CF0 /* YYCollectionViewCell.xib */,
			);
			path = View;
			sourceTree = "<group>";
		};
		112F35E121B699820005123F /* 轮播图 */ = {
			isa = PBXGroup;
			children = (
				11B308C322DC79E70087237E /* main */,
				11B308C522DC79F50087237E /* iCarousel */,
				11B308C722DC7A270087237E /* oneImageView */,
				11B308C822DC7A3F0087237E /* twoImageView */,
				11B308C922DC7A4E0087237E /* threeImageView */,
				11B308CA22DC7A5A0087237E /* manyImageView */,
				11B308C622DC7A0F0087237E /* collectionView */,
			);
			path = "轮播图";
			sourceTree = "<group>";
		};
		112F35E821B69A290005123F /* 轮播图三方件 */ = {
			isa = PBXGroup;
			children = (
				112F35E621B69A260005123F /* iCarousel.h */,
				112F35E521B69A260005123F /* iCarousel.m */,
			);
			path = "轮播图三方件";
			sourceTree = "<group>";
		};
		112F35E921B69A3E0005123F /* Controller */ = {
			isa = PBXGroup;
			children = (
				112F35E221B699A70005123F /* YYiCarouselViewController.h */,
				112F35E321B699A70005123F /* YYiCarouselViewController.m */,
			);
			path = Controller;
			sourceTree = "<group>";
		};
		1163FA5A21476D2200809A0D /* NoDataView */ = {
			isa = PBXGroup;
			children = (
				1163FA5B21476D3E00809A0D /* YYNoDataView.h */,
				1163FA5C21476D3E00809A0D /* YYNoDataView.m */,
				1163FA5E21476D4C00809A0D /* YYNoDataView.xib */,
			);
			path = NoDataView;
			sourceTree = "<group>";
		};
		116541EF2188793500327303 /* 数组排序 */ = {
			isa = PBXGroup;
			children = (
				116541F02188797800327303 /* YYArraySortViewController.h */,
				116541F12188797800327303 /* YYArraySortViewController.m */,
			);
			path = "数组排序";
			sourceTree = "<group>";
		};
		116541F321887CF000327303 /* YYLabel */ = {
			isa = PBXGroup;
			children = (
				116541F421887D1A00327303 /* YYLabel.h */,
				116541F521887D1A00327303 /* YYLabel.m */,
			);
			path = YYLabel;
			sourceTree = "<group>";
		};
		116541F721887D3C00327303 /* Label相关 */ = {
			isa = PBXGroup;
			children = (
				116541F921887D7000327303 /* YYLabelViewController.h */,
				116541FA21887D7000327303 /* YYLabelViewController.m */,
			);
			path = "Label相关";
			sourceTree = "<group>";
		};
		116A1AB2215CC8A0007238B8 /* UIDatePicker */ = {
			isa = PBXGroup;
			children = (
				116A1AB3215CC8CE007238B8 /* YYDatePickerController.h */,
				116A1AB4215CC8CE007238B8 /* YYDatePickerController.m */,
			);
			path = UIDatePicker;
			sourceTree = "<group>";
		};
		116E51F321D5C49900B2E489 /* 子View超出父类范围 */ = {
			isa = PBXGroup;
			children = (
				116E51F421D5C4B600B2E489 /* Controller */,
				11F9B92E21D61D5800DB6178 /* View */,
			);
			path = "子View超出父类范围";
			sourceTree = "<group>";
		};
		116E51F421D5C4B600B2E489 /* Controller */ = {
			isa = PBXGroup;
			children = (
				116E51F521D5C50300B2E489 /* YYBeyondParentViewController.h */,
				116E51F621D5C50300B2E489 /* YYBeyondParentViewController.m */,
			);
			path = Controller;
			sourceTree = "<group>";
		};
		1174A8C221D319DB00BA98D7 /* 数组拷贝 */ = {
			isa = PBXGroup;
			children = (
				1174A8C321D31ABB00BA98D7 /* YYArrayCopyViewController.h */,
				1174A8C421D31ABB00BA98D7 /* YYArrayCopyViewController.m */,
			);
			path = "数组拷贝";
			sourceTree = "<group>";
		};
		119695A4213B9B5E006035D4 = {
			isa = PBXGroup;
			children = (
				112F35E821B69A290005123F /* 轮播图三方件 */,
				116541F321887CF000327303 /* YYLabel */,
				119695AF213B9B5F006035D4 /* YYUIKit */,
				119695C8213B9B60006035D4 /* YYUIKitTests */,
				119695D3213B9B61006035D4 /* YYUIKitUITests */,
				119695AE213B9B5F006035D4 /* Products */,
				7E38A2554EAB369405CFD9DE /* Pods */,
				6ED263F249265E0980718AD5 /* Frameworks */,
			);
			sourceTree = "<group>";
		};
		119695AE213B9B5F006035D4 /* Products */ = {
			isa = PBXGroup;
			children = (
				119695AD213B9B5F006035D4 /* YYUIKit.app */,
				119695C5213B9B60006035D4 /* YYUIKitTests.xctest */,
				119695D0213B9B61006035D4 /* YYUIKitUITests.xctest */,
			);
			name = Products;
			sourceTree = "<group>";
		};
		119695AF213B9B5F006035D4 /* YYUIKit */ = {
			isa = PBXGroup;
			children = (
				1125E0FE21B6CCDB00D0E529 /* Category */,
				11DA89C2213BA10700F57154 /* AppDelegate */,
				11DA89C3213BA11500F57154 /* main */,
				116541EF2188793500327303 /* 数组排序 */,
				116541F721887D3C00327303 /* Label相关 */,
				119DB5FF21902FB700441B3B /* UITextField */,
				112916112146119B00B27CF0 /* UITableView分组 */,
				110B4403219C0A790008B65C /* tableViewCell自动布局 */,
				11DA89C5213BA39C00F57154 /* UICollectionView分组 */,
				11B308F522DC91410087237E /* UICollectionView搜索框删除 */,
				11A0959421533C7E0065DE6F /* UITableView嵌套tableView(分组) */,
				1105DF8C219D3EBB00A81EA9 /* tableView分组(单个cell) */,
				1105DF8D219D3ED200A81EA9 /* tableView分组(多个cell) */,
				11D955BD21C8A18100ED5F63 /* tableView动态更新头部 */,
				11D955C221C8C7AD00ED5F63 /* OC中的数学函数 */,
				11FDAB5921D1DADA00F8A035 /* 运行时 */,
				1174A8C221D319DB00BA98D7 /* 数组拷贝 */,
				116E51F321D5C49900B2E489 /* 子View超出父类范围 */,
				116A1AB2215CC8A0007238B8 /* UIDatePicker */,
				112F35E121B699820005123F /* 轮播图 */,
				11B308FE22DC94EC0087237E /* 二维码扫描 */,
				11DA89C4213BA12000F57154 /* other */,
			);
			path = YYUIKit;
			sourceTree = "<group>";
		};
		119695C8213B9B60006035D4 /* YYUIKitTests */ = {
			isa = PBXGroup;
			children = (
				119695C9213B9B61006035D4 /* YYUIKitTests.m */,
				119695CB213B9B61006035D4 /* Info.plist */,
			);
			path = YYUIKitTests;
			sourceTree = "<group>";
		};
		119695D3213B9B61006035D4 /* YYUIKitUITests */ = {
			isa = PBXGroup;
			children = (
				119695D4213B9B61006035D4 /* YYUIKitUITests.m */,
				119695D6213B9B61006035D4 /* Info.plist */,
			);
			path = YYUIKitUITests;
			sourceTree = "<group>";
		};
		119DB5FF21902FB700441B3B /* UITextField */ = {
			isa = PBXGroup;
			children = (
				119DB60021902FC800441B3B /* Controller */,
			);
			path = UITextField;
			sourceTree = "<group>";
		};
		119DB60021902FC800441B3B /* Controller */ = {
			isa = PBXGroup;
			children = (
				119DB60121902FE500441B3B /* YYTextFieldViewController.h */,
				119DB60221902FE500441B3B /* YYTextFieldViewController.m */,
				119DB60321902FE500441B3B /* YYTextFieldViewController.xib */,
			);
			path = Controller;
			sourceTree = "<group>";
		};
		11A0959421533C7E0065DE6F /* UITableView嵌套tableView(分组) */ = {
			isa = PBXGroup;
			children = (
				11A0959821533CFE0065DE6F /* Controller */,
				11A0959921533D5C0065DE6F /* View */,
			);
			path = "UITableView嵌套tableView(分组)";
			sourceTree = "<group>";
		};
		11A0959821533CFE0065DE6F /* Controller */ = {
			isa = PBXGroup;
			children = (
				11A0959521533CF40065DE6F /* YYNestingTableViewController.h */,
				11A0959621533CF40065DE6F /* YYNestingTableViewController.m */,
			);
			path = Controller;
			sourceTree = "<group>";
		};
		11A0959921533D5C0065DE6F /* View */ = {
			isa = PBXGroup;
			children = (
				11A0959A21533D790065DE6F /* YYNestingCell.h */,
				11A0959B21533D790065DE6F /* YYNestingCell.m */,
				11A0959C21533D790065DE6F /* YYNestingCell.xib */,
				11A0959F21533E540065DE6F /* YYNestingSmallCell.h */,
				11A095A021533E540065DE6F /* YYNestingSmallCell.m */,
				11A095A121533E540065DE6F /* YYNestingSmallCell.xib */,
			);
			path = View;
			sourceTree = "<group>";
		};
		11B308C322DC79E70087237E /* main */ = {
			isa = PBXGroup;
			children = (
				11B308C422DC79EF0087237E /* Controller */,
			);
			path = main;
			sourceTree = "<group>";
		};
		11B308C422DC79EF0087237E /* Controller */ = {
			isa = PBXGroup;
			children = (
				11B308E522DC81AC0087237E /* YYScrollController.h */,
				11B308E622DC81AC0087237E /* YYScrollController.m */,
			);
			path = Controller;
			sourceTree = "<group>";
		};
		11B308C522DC79F50087237E /* iCarousel */ = {
			isa = PBXGroup;
			children = (
				112F35E921B69A3E0005123F /* Controller */,
				1125E0F821B6CC9700D0E529 /* View */,
			);
			path = iCarousel;
			sourceTree = "<group>";
		};
		11B308C622DC7A0F0087237E /* collectionView */ = {
			isa = PBXGroup;
			children = (
				11B308E122DC7BB00087237E /* Controller */,
				11B308EF22DC84C30087237E /* layout */,
				11B308EB22DC846C0087237E /* View */,
			);
			path = collectionView;
			sourceTree = "<group>";
		};
		11B308C722DC7A270087237E /* oneImageView */ = {
			isa = PBXGroup;
			children = (
				11B308DD22DC7B890087237E /* Controller */,
			);
			path = oneImageView;
			sourceTree = "<group>";
		};
		11B308C822DC7A3F0087237E /* twoImageView */ = {
			isa = PBXGroup;
			children = (
				11B308DE22DC7B930087237E /* Controller */,
			);
			path = twoImageView;
			sourceTree = "<group>";
		};
		11B308C922DC7A4E0087237E /* threeImageView */ = {
			isa = PBXGroup;
			children = (
				11B308DF22DC7B9D0087237E /* Controller */,
			);
			path = threeImageView;
			sourceTree = "<group>";
		};
		11B308CA22DC7A5A0087237E /* manyImageView */ = {
			isa = PBXGroup;
			children = (
				11B308E022DC7BA90087237E /* Controller */,
			);
			path = manyImageView;
			sourceTree = "<group>";
		};
		11B308DD22DC7B890087237E /* Controller */ = {
			isa = PBXGroup;
			children = (
				11B308CE22DC7B4F0087237E /* oneImageViewController.h */,
				11B308CF22DC7B4F0087237E /* oneImageViewController.m */,
			);
			path = Controller;
			sourceTree = "<group>";
		};
		11B308DE22DC7B930087237E /* Controller */ = {
			isa = PBXGroup;
			children = (
				11B308D122DC7B5F0087237E /* twoImageViewController.h */,
				11B308D222DC7B5F0087237E /* twoImageViewController.m */,
			);
			path = Controller;
			sourceTree = "<group>";
		};
		11B308DF22DC7B9D0087237E /* Controller */ = {
			isa = PBXGroup;
			children = (
				11B308D422DC7B6C0087237E /* threeImageViewController.h */,
				11B308D522DC7B6C0087237E /* threeImageViewController.m */,
			);
			path = Controller;
			sourceTree = "<group>";
		};
		11B308E022DC7BA90087237E /* Controller */ = {
			isa = PBXGroup;
			children = (
				11B308E822DC843A0087237E /* manyViewController.h */,
				11B308E922DC843A0087237E /* manyViewController.m */,
			);
			path = Controller;
			sourceTree = "<group>";
		};
		11B308E122DC7BB00087237E /* Controller */ = {
			isa = PBXGroup;
			children = (
				11B308DA22DC7B840087237E /* collectionViewController.h */,
				11B308DB22DC7B840087237E /* collectionViewController.m */,
			);
			path = Controller;
			sourceTree = "<group>";
		};
		11B308EB22DC846C0087237E /* View */ = {
			isa = PBXGroup;
			children = (
				11B308EC22DC84850087237E /* CollectionViewCell.h */,
				11B308ED22DC84850087237E /* CollectionViewCell.m */,
			);
			path = View;
			sourceTree = "<group>";
		};
		11B308EF22DC84C30087237E /* layout */ = {
			isa = PBXGroup;
			children = (
				11B308F022DC84D10087237E /* XLCardSwitchFlowLayout.h */,
				11B308F122DC84D10087237E /* XLCardSwitchFlowLayout.m */,
			);
			path = layout;
			sourceTree = "<group>";
		};
		11B308F522DC91410087237E /* UICollectionView搜索框删除 */ = {
			isa = PBXGroup;
			children = (
				11B308F622DC915F0087237E /* Controller */,
				11B308FA22DC91E00087237E /* View */,
			);
			path = "UICollectionView搜索框删除";
			sourceTree = "<group>";
		};
		11B308F622DC915F0087237E /* Controller */ = {
			isa = PBXGroup;
			children = (
				11B308F722DC91860087237E /* YYCollectionSearchController.h */,
				11B308F822DC91860087237E /* YYCollectionSearchController.m */,
			);
			path = Controller;
			sourceTree = "<group>";
		};
		11B308FA22DC91E00087237E /* View */ = {
			isa = PBXGroup;
			children = (
				11B308FC22DC91EF0087237E /* MyCollectionViewCell.h */,
				11B308FB22DC91EF0087237E /* MyCollectionViewCell.m */,
			);
			path = View;
			sourceTree = "<group>";
		};
		11B308FE22DC94EC0087237E /* 二维码扫描 */ = {
			isa = PBXGroup;
			children = (
				11B3090222DC95280087237E /* Controller */,
			);
			path = "二维码扫描";
			sourceTree = "<group>";
		};
		11B3090222DC95280087237E /* Controller */ = {
			isa = PBXGroup;
			children = (
				11B308FF22DC95200087237E /* scanQRCodeController.h */,
				11B3090022DC95200087237E /* scanQRCodeController.m */,
			);
			path = Controller;
			sourceTree = "<group>";
		};
		11D955BD21C8A18100ED5F63 /* tableView动态更新头部 */ = {
			isa = PBXGroup;
			children = (
				11D955BE21C8A1B000ED5F63 /* Controller */,
			);
			path = "tableView动态更新头部";
			sourceTree = "<group>";
		};
		11D955BE21C8A1B000ED5F63 /* Controller */ = {
			isa = PBXGroup;
			children = (
				11D955BF21C8A1FC00ED5F63 /* YYTableViewHeaderViewController.h */,
				11D955C021C8A1FC00ED5F63 /* YYTableViewHeaderViewController.m */,
			);
			path = Controller;
			sourceTree = "<group>";
		};
		11D955C221C8C7AD00ED5F63 /* OC中的数学函数 */ = {
			isa = PBXGroup;
			children = (
				11D955C321C8C7BD00ED5F63 /* Controller */,
			);
			path = "OC中的数学函数";
			sourceTree = "<group>";
		};
		11D955C321C8C7BD00ED5F63 /* Controller */ = {
			isa = PBXGroup;
			children = (
				11D955C421C8C7E700ED5F63 /* YYMathViewController.h */,
				11D955C521C8C7E700ED5F63 /* YYMathViewController.m */,
			);
			path = Controller;
			sourceTree = "<group>";
		};
		11DA89C2213BA10700F57154 /* AppDelegate */ = {
			isa = PBXGroup;
			children = (
				119695B0213B9B5F006035D4 /* YYAppDelegate.h */,
				119695B1213B9B5F006035D4 /* YYAppDelegate.m */,
			);
			path = AppDelegate;
			sourceTree = "<group>";
		};
		11DA89C3213BA11500F57154 /* main */ = {
			isa = PBXGroup;
			children = (
				112916182146139A00B27CF0 /* Controller */,
				11291619214613A200B27CF0 /* View */,
			);
			path = main;
			sourceTree = "<group>";
		};
		11DA89C4213BA12000F57154 /* other */ = {
			isa = PBXGroup;
			children = (
				11B308F322DC8D620087237E /* imageData.plist */,
				110B440E219C0CA90008B65C /* PrefixHeader.pch */,
				119695BE213B9B60006035D4 /* Info.plist */,
				119695BF213B9B60006035D4 /* main.m */,
				119695B6213B9B5F006035D4 /* Main.storyboard */,
				119695BB213B9B60006035D4 /* LaunchScreen.storyboard */,
				119695B9213B9B60006035D4 /* Assets.xcassets */,
			);
			path = other;
			sourceTree = "<group>";
		};
		11DA89C5213BA39C00F57154 /* UICollectionView分组 */ = {
			isa = PBXGroup;
			children = (
				112916212146158400B27CF0 /* Controller */,
				11291632214650E200B27CF0 /* View */,
			);
			path = "UICollectionView分组";
			sourceTree = "<group>";
		};
		11F9B92E21D61D5800DB6178 /* View */ = {
			isa = PBXGroup;
			children = (
				11F9B92F21D61D6900DB6178 /* HitTestView.h */,
				11F9B93021D61D6A00DB6178 /* HitTestView.m */,
			);
			path = View;
			sourceTree = "<group>";
		};
		11FDAB5921D1DADA00F8A035 /* 运行时 */ = {
			isa = PBXGroup;
			children = (
				11FDAB5E21D1DB4E00F8A035 /* Tool */,
				11FDAB6221D1DCBF00F8A035 /* Model */,
				11FDAB5A21D1DAE400F8A035 /* Controller */,
			);
			path = "运行时";
			sourceTree = "<group>";
		};
		11FDAB5A21D1DAE400F8A035 /* Controller */ = {
			isa = PBXGroup;
			children = (
				11FDAB5B21D1DAF800F8A035 /* YYRunTimeViewController.h */,
				11FDAB5C21D1DAF800F8A035 /* YYRunTimeViewController.m */,
			);
			path = Controller;
			sourceTree = "<group>";
		};
		11FDAB5E21D1DB4E00F8A035 /* Tool */ = {
			isa = PBXGroup;
			children = (
				11FDAB5F21D1DB6400F8A035 /* Tool.h */,
				11FDAB6021D1DB6400F8A035 /* Tool.m */,
			);
			path = Tool;
			sourceTree = "<group>";
		};
		11FDAB6221D1DCBF00F8A035 /* Model */ = {
			isa = PBXGroup;
			children = (
				11FDAB6421D1DCF100F8A035 /* Person.h */,
				11FDAB6521D1DCF100F8A035 /* Person.m */,
				11344D5421D3CDD9002566C0 /* Son.h */,
				11344D5521D3CDD9002566C0 /* Son.m */,
				1146477E21DF2B7200FE091B /* YYTestRuntimeModel.h */,
				1146477F21DF2B7200FE091B /* YYTestRuntimeModel.m */,
				1146478121DF2BA300FE091B /* YYTestPerson.h */,
				1146478221DF2BA300FE091B /* YYTestPerson.m */,
			);
			path = Model;
			sourceTree = "<group>";
		};
		6ED263F249265E0980718AD5 /* Frameworks */ = {
			isa = PBXGroup;
			children = (
				9EA75409AD8367526DBF9318 /* libPods-YYUIKit.a */,
			);
			name = Frameworks;
			sourceTree = "<group>";
		};
		7E38A2554EAB369405CFD9DE /* Pods */ = {
			isa = PBXGroup;
			children = (
				455DF9753812959CA6F12E3C /* Pods-YYUIKit.debug.xcconfig */,
				D3D6D655FED25935A1370CAC /* Pods-YYUIKit.release.xcconfig */,
			);
			name = Pods;
			sourceTree = "<group>";
		};
/* End PBXGroup section */

/* Begin PBXNativeTarget section */
		119695AC213B9B5F006035D4 /* YYUIKit */ = {
			isa = PBXNativeTarget;
			buildConfigurationList = 119695D9213B9B61006035D4 /* Build configuration list for PBXNativeTarget "YYUIKit" */;
			buildPhases = (
				6BB345AC5F801121CA8EAE98 /* [CP] Check Pods Manifest.lock */,
				119695A9213B9B5F006035D4 /* Sources */,
				119695AA213B9B5F006035D4 /* Frameworks */,
				119695AB213B9B5F006035D4 /* Resources */,
			);
			buildRules = (
			);
			dependencies = (
			);
			name = YYUIKit;
			productName = YYUIKit;
			productReference = 119695AD213B9B5F006035D4 /* YYUIKit.app */;
			productType = "com.apple.product-type.application";
		};
		119695C4213B9B60006035D4 /* YYUIKitTests */ = {
			isa = PBXNativeTarget;
			buildConfigurationList = 119695DC213B9B61006035D4 /* Build configuration list for PBXNativeTarget "YYUIKitTests" */;
			buildPhases = (
				119695C1213B9B60006035D4 /* Sources */,
				119695C2213B9B60006035D4 /* Frameworks */,
				119695C3213B9B60006035D4 /* Resources */,
			);
			buildRules = (
			);
			dependencies = (
				119695C7213B9B60006035D4 /* PBXTargetDependency */,
			);
			name = YYUIKitTests;
			productName = YYUIKitTests;
			productReference = 119695C5213B9B60006035D4 /* YYUIKitTests.xctest */;
			productType = "com.apple.product-type.bundle.unit-test";
		};
		119695CF213B9B61006035D4 /* YYUIKitUITests */ = {
			isa = PBXNativeTarget;
			buildConfigurationList = 119695DF213B9B61006035D4 /* Build configuration list for PBXNativeTarget "YYUIKitUITests" */;
			buildPhases = (
				119695CC213B9B61006035D4 /* Sources */,
				119695CD213B9B61006035D4 /* Frameworks */,
				119695CE213B9B61006035D4 /* Resources */,
			);
			buildRules = (
			);
			dependencies = (
				119695D2213B9B61006035D4 /* PBXTargetDependency */,
			);
			name = YYUIKitUITests;
			productName = YYUIKitUITests;
			productReference = 119695D0213B9B61006035D4 /* YYUIKitUITests.xctest */;
			productType = "com.apple.product-type.bundle.ui-testing";
		};
/* End PBXNativeTarget section */

/* Begin PBXProject section */
		119695A5213B9B5E006035D4 /* Project object */ = {
			isa = PBXProject;
			attributes = {
				LastUpgradeCheck = 0940;
				ORGANIZATIONNAME = winwayworld;
				TargetAttributes = {
					119695AC213B9B5F006035D4 = {
						CreatedOnToolsVersion = 9.4.1;
					};
					119695C4213B9B60006035D4 = {
						CreatedOnToolsVersion = 9.4.1;
						TestTargetID = 119695AC213B9B5F006035D4;
					};
					119695CF213B9B61006035D4 = {
						CreatedOnToolsVersion = 9.4.1;
						TestTargetID = 119695AC213B9B5F006035D4;
					};
				};
			};
			buildConfigurationList = 119695A8213B9B5E006035D4 /* Build configuration list for PBXProject "YYUIKit" */;
			compatibilityVersion = "Xcode 9.3";
			developmentRegion = en;
			hasScannedForEncodings = 0;
			knownRegions = (
				en,
				Base,
			);
			mainGroup = 119695A4213B9B5E006035D4;
			productRefGroup = 119695AE213B9B5F006035D4 /* Products */;
			projectDirPath = "";
			projectRoot = "";
			targets = (
				119695AC213B9B5F006035D4 /* YYUIKit */,
				119695C4213B9B60006035D4 /* YYUIKitTests */,
				119695CF213B9B61006035D4 /* YYUIKitUITests */,
			);
		};
/* End PBXProject section */

/* Begin PBXResourcesBuildPhase section */
		119695AB213B9B5F006035D4 /* Resources */ = {
			isa = PBXResourcesBuildPhase;
			buildActionMask = 2147483647;
			files = (
				1105DFAC219D449400A81EA9 /* YYFootTestView.xib in Resources */,
				119695BD213B9B60006035D4 /* LaunchScreen.storyboard in Resources */,
				1129162D214615DE00B27CF0 /* YYTableViewCell.xib in Resources */,
				119695BA213B9B60006035D4 /* Assets.xcassets in Resources */,
				1129161E214613D800B27CF0 /* YYMainTableViewCell.xib in Resources */,
				11A095A321533E540065DE6F /* YYNestingSmallCell.xib in Resources */,
				11B308F422DC8D620087237E /* imageData.plist in Resources */,
				1105DFB2219D458300A81EA9 /* YYManyCell.xib in Resources */,
				119DB60521902FE500441B3B /* YYTextFieldViewController.xib in Resources */,
				11291626214615D800B27CF0 /* YYFootView.xib in Resources */,
				1163FA5F21476D4C00809A0D /* YYNoDataView.xib in Resources */,
				1105DF9C219D40A600A81EA9 /* YYTestCell.xib in Resources */,
				119695B8213B9B5F006035D4 /* Main.storyboard in Resources */,
				1105DFA6219D448300A81EA9 /* YYHeadTestView.xib in Resources */,
				110B440D219C0B190008B65C /* YYLayoutCell.xib in Resources */,
				11A0959E21533D790065DE6F /* YYNestingCell.xib in Resources */,
				112916382146512400B27CF0 /* YYCollectionViewCell.xib in Resources */,
				1125E0FD21B6CCD200D0E529 /* YYScrollView.xib in Resources */,
			);
			runOnlyForDeploymentPostprocessing = 0;
		};
		119695C3213B9B60006035D4 /* Resources */ = {
			isa = PBXResourcesBuildPhase;
			buildActionMask = 2147483647;
			files = (
			);
			runOnlyForDeploymentPostprocessing = 0;
		};
		119695CE213B9B61006035D4 /* Resources */ = {
			isa = PBXResourcesBuildPhase;
			buildActionMask = 2147483647;
			files = (
			);
			runOnlyForDeploymentPostprocessing = 0;
		};
/* End PBXResourcesBuildPhase section */

/* Begin PBXShellScriptBuildPhase section */
		6BB345AC5F801121CA8EAE98 /* [CP] Check Pods Manifest.lock */ = {
			isa = PBXShellScriptBuildPhase;
			buildActionMask = 2147483647;
			files = (
			);
			inputPaths = (
				"${PODS_PODFILE_DIR_PATH}/Podfile.lock",
				"${PODS_ROOT}/Manifest.lock",
			);
			name = "[CP] Check Pods Manifest.lock";
			outputPaths = (
				"$(DERIVED_FILE_DIR)/Pods-YYUIKit-checkManifestLockResult.txt",
			);
			runOnlyForDeploymentPostprocessing = 0;
			shellPath = /bin/sh;
			shellScript = "diff \"${PODS_PODFILE_DIR_PATH}/Podfile.lock\" \"${PODS_ROOT}/Manifest.lock\" > /dev/null\nif [ $? != 0 ] ; then\n    # print error to STDERR\n    echo \"error: The sandbox is not in sync with the Podfile.lock. Run 'pod install' or update your CocoaPods installation.\" >&2\n    exit 1\nfi\n# This output is used by Xcode 'outputs' to avoid re-running this script phase.\necho \"SUCCESS\" > \"${SCRIPT_OUTPUT_FILE_0}\"\n";
			showEnvVarsInLog = 0;
		};
/* End PBXShellScriptBuildPhase section */

/* Begin PBXSourcesBuildPhase section */
		119695A9213B9B5F006035D4 /* Sources */ = {
			isa = PBXSourcesBuildPhase;
			buildActionMask = 2147483647;
			files = (
				119695B5213B9B5F006035D4 /* YYMainViewController.m in Sources */,
				110B4415219C18F00008B65C /* YYLayoutModel.m in Sources */,
				11B308EA22DC843A0087237E /* manyViewController.m in Sources */,
				1163FA5D21476D3E00809A0D /* YYNoDataView.m in Sources */,
				1105DFA7219D448300A81EA9 /* YYHeadTestView.m in Sources */,
				11D955C621C8C7E700ED5F63 /* YYMathViewController.m in Sources */,
				11A095A221533E540065DE6F /* YYNestingSmallCell.m in Sources */,
				1146478021DF2B7200FE091B /* YYTestRuntimeModel.m in Sources */,
				110B440C219C0B190008B65C /* YYLayoutCell.m in Sources */,
				11B308F222DC84D10087237E /* XLCardSwitchFlowLayout.m in Sources */,
				112F35E421B699A70005123F /* YYiCarouselViewController.m in Sources */,
				1146478321DF2BA300FE091B /* YYTestPerson.m in Sources */,
				110B4407219C0AD10008B65C /* YYTableViewLayoutController.m in Sources */,
				11FDAB6621D1DCF100F8A035 /* Person.m in Sources */,
				112F35E721B69A260005123F /* iCarousel.m in Sources */,
				116A1AB5215CC8CE007238B8 /* YYDatePickerController.m in Sources */,
				1105DF9B219D40A600A81EA9 /* YYTestCell.m in Sources */,
				119DB60421902FE500441B3B /* YYTextFieldViewController.m in Sources */,
				1105DFA0219D40C600A81EA9 /* YYTestModel.m in Sources */,
				1129162C214615DE00B27CF0 /* YYTableViewCell.m in Sources */,
				112F35EC21B69A780005123F /* UIView+Extension.m in Sources */,
				116541FB21887D7000327303 /* YYLabelViewController.m in Sources */,
				119695C0213B9B60006035D4 /* main.m in Sources */,
				11B308DC22DC7B840087237E /* collectionViewController.m in Sources */,
				11B3090122DC95200087237E /* scanQRCodeController.m in Sources */,
				11B308D022DC7B4F0087237E /* oneImageViewController.m in Sources */,
				112916172146122100B27CF0 /* YYCollectionViewController.m in Sources */,
				119695B2213B9B5F006035D4 /* YYAppDelegate.m in Sources */,
				116E51F721D5C50300B2E489 /* YYBeyondParentViewController.m in Sources */,
				11A0959D21533D790065DE6F /* YYNestingCell.m in Sources */,
				11FDAB5D21D1DAF800F8A035 /* YYRunTimeViewController.m in Sources */,
				1105DF94219D3FBF00A81EA9 /* YYTableViewSectionSingleController.m in Sources */,
				11B308EE22DC84850087237E /* CollectionViewCell.m in Sources */,
				1129161D214613D800B27CF0 /* YYMainTableViewCell.m in Sources */,
				1105DF97219D3FCF00A81EA9 /* YYTableViewSectionManyController.m in Sources */,
				11B308FD22DC91F00087237E /* MyCollectionViewCell.m in Sources */,
				11B308D322DC7B5F0087237E /* twoImageViewController.m in Sources */,
				11FDAB6121D1DB6400F8A035 /* Tool.m in Sources */,
				112916142146120700B27CF0 /* YYTableViewController.m in Sources */,
				1105DFB1219D458300A81EA9 /* YYManyCell.m in Sources */,
				11291631214615EA00B27CF0 /* YYDrugModel.m in Sources */,
				112916372146512400B27CF0 /* YYCollectionViewCell.m in Sources */,
				11A0959721533CF40065DE6F /* YYNestingTableViewController.m in Sources */,
				11344D5621D3CDD9002566C0 /* Son.m in Sources */,
				1105DFAB219D449400A81EA9 /* YYFootTestView.m in Sources */,
				11B308D622DC7B6C0087237E /* threeImageViewController.m in Sources */,
				1174A8C521D31ABB00BA98D7 /* YYArrayCopyViewController.m in Sources */,
				11B308F922DC91860087237E /* YYCollectionSearchController.m in Sources */,
				116541F621887D1A00327303 /* YYLabel.m in Sources */,
				11B308E722DC81AC0087237E /* YYScrollController.m in Sources */,
				1125E10321B6D80900D0E529 /* UIViewController+BackButtonHandler.m in Sources */,
				116541F22188797800327303 /* YYArraySortViewController.m in Sources */,
				11D955C121C8A1FC00ED5F63 /* YYTableViewHeaderViewController.m in Sources */,
				11F9B93121D61D6A00DB6178 /* HitTestView.m in Sources */,
				1125E0FB21B6CCC600D0E529 /* YYScrollView.m in Sources */,
				11291627214615D800B27CF0 /* YYFootView.m in Sources */,
			);
			runOnlyForDeploymentPostprocessing = 0;
		};
		119695C1213B9B60006035D4 /* Sources */ = {
			isa = PBXSourcesBuildPhase;
			buildActionMask = 2147483647;
			files = (
				119695CA213B9B61006035D4 /* YYUIKitTests.m in Sources */,
			);
			runOnlyForDeploymentPostprocessing = 0;
		};
		119695CC213B9B61006035D4 /* Sources */ = {
			isa = PBXSourcesBuildPhase;
			buildActionMask = 2147483647;
			files = (
				119695D5213B9B61006035D4 /* YYUIKitUITests.m in Sources */,
			);
			runOnlyForDeploymentPostprocessing = 0;
		};
/* End PBXSourcesBuildPhase section */

/* Begin PBXTargetDependency section */
		119695C7213B9B60006035D4 /* PBXTargetDependency */ = {
			isa = PBXTargetDependency;
			target = 119695AC213B9B5F006035D4 /* YYUIKit */;
			targetProxy = 119695C6213B9B60006035D4 /* PBXContainerItemProxy */;
		};
		119695D2213B9B61006035D4 /* PBXTargetDependency */ = {
			isa = PBXTargetDependency;
			target = 119695AC213B9B5F006035D4 /* YYUIKit */;
			targetProxy = 119695D1213B9B61006035D4 /* PBXContainerItemProxy */;
		};
/* End PBXTargetDependency section */

/* Begin PBXVariantGroup section */
		119695B6213B9B5F006035D4 /* Main.storyboard */ = {
			isa = PBXVariantGroup;
			children = (
				119695B7213B9B5F006035D4 /* Base */,
			);
			name = Main.storyboard;
			sourceTree = "<group>";
		};
		119695BB213B9B60006035D4 /* LaunchScreen.storyboard */ = {
			isa = PBXVariantGroup;
			children = (
				119695BC213B9B60006035D4 /* Base */,
			);
			name = LaunchScreen.storyboard;
			sourceTree = "<group>";
		};
/* End PBXVariantGroup section */

/* Begin XCBuildConfiguration section */
		119695D7213B9B61006035D4 /* Debug */ = {
			isa = XCBuildConfiguration;
			buildSettings = {
				ALWAYS_SEARCH_USER_PATHS = NO;
				CLANG_ANALYZER_NONNULL = YES;
				CLANG_ANALYZER_NUMBER_OBJECT_CONVERSION = YES_AGGRESSIVE;
				CLANG_CXX_LANGUAGE_STANDARD = "gnu++14";
				CLANG_CXX_LIBRARY = "libc++";
				CLANG_ENABLE_MODULES = YES;
				CLANG_ENABLE_OBJC_ARC = YES;
				CLANG_ENABLE_OBJC_WEAK = YES;
				CLANG_WARN_BLOCK_CAPTURE_AUTORELEASING = YES;
				CLANG_WARN_BOOL_CONVERSION = YES;
				CLANG_WARN_COMMA = YES;
				CLANG_WARN_CONSTANT_CONVERSION = YES;
				CLANG_WARN_DEPRECATED_OBJC_IMPLEMENTATIONS = YES;
				CLANG_WARN_DIRECT_OBJC_ISA_USAGE = YES_ERROR;
				CLANG_WARN_DOCUMENTATION_COMMENTS = YES;
				CLANG_WARN_EMPTY_BODY = YES;
				CLANG_WARN_ENUM_CONVERSION = YES;
				CLANG_WARN_INFINITE_RECURSION = YES;
				CLANG_WARN_INT_CONVERSION = YES;
				CLANG_WARN_NON_LITERAL_NULL_CONVERSION = YES;
				CLANG_WARN_OBJC_IMPLICIT_RETAIN_SELF = YES;
				CLANG_WARN_OBJC_LITERAL_CONVERSION = YES;
				CLANG_WARN_OBJC_ROOT_CLASS = YES_ERROR;
				CLANG_WARN_RANGE_LOOP_ANALYSIS = YES;
				CLANG_WARN_STRICT_PROTOTYPES = YES;
				CLANG_WARN_SUSPICIOUS_MOVE = YES;
				CLANG_WARN_UNGUARDED_AVAILABILITY = YES_AGGRESSIVE;
				CLANG_WARN_UNREACHABLE_CODE = YES;
				CLANG_WARN__DUPLICATE_METHOD_MATCH = YES;
				CODE_SIGN_IDENTITY = "iPhone Developer";
				COPY_PHASE_STRIP = NO;
				DEBUG_INFORMATION_FORMAT = dwarf;
				ENABLE_STRICT_OBJC_MSGSEND = YES;
				ENABLE_TESTABILITY = YES;
				GCC_C_LANGUAGE_STANDARD = gnu11;
				GCC_DYNAMIC_NO_PIC = NO;
				GCC_NO_COMMON_BLOCKS = YES;
				GCC_OPTIMIZATION_LEVEL = 0;
				GCC_PREPROCESSOR_DEFINITIONS = (
					"DEBUG=1",
					"$(inherited)",
				);
				GCC_WARN_64_TO_32_BIT_CONVERSION = YES;
				GCC_WARN_ABOUT_RETURN_TYPE = YES_ERROR;
				GCC_WARN_UNDECLARED_SELECTOR = YES;
				GCC_WARN_UNINITIALIZED_AUTOS = YES_AGGRESSIVE;
				GCC_WARN_UNUSED_FUNCTION = YES;
				GCC_WARN_UNUSED_VARIABLE = YES;
				IPHONEOS_DEPLOYMENT_TARGET = 11.4;
				MTL_ENABLE_DEBUG_INFO = YES;
				ONLY_ACTIVE_ARCH = YES;
				SDKROOT = iphoneos;
			};
			name = Debug;
		};
		119695D8213B9B61006035D4 /* Release */ = {
			isa = XCBuildConfiguration;
			buildSettings = {
				ALWAYS_SEARCH_USER_PATHS = NO;
				CLANG_ANALYZER_NONNULL = YES;
				CLANG_ANALYZER_NUMBER_OBJECT_CONVERSION = YES_AGGRESSIVE;
				CLANG_CXX_LANGUAGE_STANDARD = "gnu++14";
				CLANG_CXX_LIBRARY = "libc++";
				CLANG_ENABLE_MODULES = YES;
				CLANG_ENABLE_OBJC_ARC = YES;
				CLANG_ENABLE_OBJC_WEAK = YES;
				CLANG_WARN_BLOCK_CAPTURE_AUTORELEASING = YES;
				CLANG_WARN_BOOL_CONVERSION = YES;
				CLANG_WARN_COMMA = YES;
				CLANG_WARN_CONSTANT_CONVERSION = YES;
				CLANG_WARN_DEPRECATED_OBJC_IMPLEMENTATIONS = YES;
				CLANG_WARN_DIRECT_OBJC_ISA_USAGE = YES_ERROR;
				CLANG_WARN_DOCUMENTATION_COMMENTS = YES;
				CLANG_WARN_EMPTY_BODY = YES;
				CLANG_WARN_ENUM_CONVERSION = YES;
				CLANG_WARN_INFINITE_RECURSION = YES;
				CLANG_WARN_INT_CONVERSION = YES;
				CLANG_WARN_NON_LITERAL_NULL_CONVERSION = YES;
				CLANG_WARN_OBJC_IMPLICIT_RETAIN_SELF = YES;
				CLANG_WARN_OBJC_LITERAL_CONVERSION = YES;
				CLANG_WARN_OBJC_ROOT_CLASS = YES_ERROR;
				CLANG_WARN_RANGE_LOOP_ANALYSIS = YES;
				CLANG_WARN_STRICT_PROTOTYPES = YES;
				CLANG_WARN_SUSPICIOUS_MOVE = YES;
				CLANG_WARN_UNGUARDED_AVAILABILITY = YES_AGGRESSIVE;
				CLANG_WARN_UNREACHABLE_CODE = YES;
				CLANG_WARN__DUPLICATE_METHOD_MATCH = YES;
				CODE_SIGN_IDENTITY = "iPhone Developer";
				COPY_PHASE_STRIP = NO;
				DEBUG_INFORMATION_FORMAT = "dwarf-with-dsym";
				ENABLE_NS_ASSERTIONS = NO;
				ENABLE_STRICT_OBJC_MSGSEND = YES;
				GCC_C_LANGUAGE_STANDARD = gnu11;
				GCC_NO_COMMON_BLOCKS = YES;
				GCC_WARN_64_TO_32_BIT_CONVERSION = YES;
				GCC_WARN_ABOUT_RETURN_TYPE = YES_ERROR;
				GCC_WARN_UNDECLARED_SELECTOR = YES;
				GCC_WARN_UNINITIALIZED_AUTOS = YES_AGGRESSIVE;
				GCC_WARN_UNUSED_FUNCTION = YES;
				GCC_WARN_UNUSED_VARIABLE = YES;
				IPHONEOS_DEPLOYMENT_TARGET = 11.4;
				MTL_ENABLE_DEBUG_INFO = NO;
				SDKROOT = iphoneos;
				VALIDATE_PRODUCT = YES;
			};
			name = Release;
		};
		119695DA213B9B61006035D4 /* Debug */ = {
			isa = XCBuildConfiguration;
			baseConfigurationReference = 455DF9753812959CA6F12E3C /* Pods-YYUIKit.debug.xcconfig */;
			buildSettings = {
				ASSETCATALOG_COMPILER_APPICON_NAME = AppIcon;
				CODE_SIGN_STYLE = Automatic;
				DEVELOPMENT_TEAM = 59PVTAC458;
				GCC_INCREASE_PRECOMPILED_HEADER_SHARING = NO;
				GCC_PREFIX_HEADER = "$(SRCROOT)/YYUIKit/other/PrefixHeader.pch";
				INFOPLIST_FILE = YYUIKit/other/Info.plist;
				IPHONEOS_DEPLOYMENT_TARGET = 9.0;
				LD_RUNPATH_SEARCH_PATHS = (
					"$(inherited)",
					"@executable_path/Frameworks",
				);
				PRODUCT_BUNDLE_IDENTIFIER = com.yangshichuan.aishangxian;
				PRODUCT_NAME = "$(TARGET_NAME)";
				TARGETED_DEVICE_FAMILY = 1;
			};
			name = Debug;
		};
		119695DB213B9B61006035D4 /* Release */ = {
			isa = XCBuildConfiguration;
			baseConfigurationReference = D3D6D655FED25935A1370CAC /* Pods-YYUIKit.release.xcconfig */;
			buildSettings = {
				ASSETCATALOG_COMPILER_APPICON_NAME = AppIcon;
				CODE_SIGN_STYLE = Automatic;
				DEVELOPMENT_TEAM = 59PVTAC458;
				GCC_INCREASE_PRECOMPILED_HEADER_SHARING = NO;
				GCC_PREFIX_HEADER = "$(SRCROOT)/YYUIKit/other/PrefixHeader.pch";
				INFOPLIST_FILE = YYUIKit/other/Info.plist;
				IPHONEOS_DEPLOYMENT_TARGET = 9.0;
				LD_RUNPATH_SEARCH_PATHS = (
					"$(inherited)",
					"@executable_path/Frameworks",
				);
				PRODUCT_BUNDLE_IDENTIFIER = com.yangshichuan.aishangxian;
				PRODUCT_NAME = "$(TARGET_NAME)";
				TARGETED_DEVICE_FAMILY = 1;
			};
			name = Release;
		};
		119695DD213B9B61006035D4 /* Debug */ = {
			isa = XCBuildConfiguration;
			buildSettings = {
				BUNDLE_LOADER = "$(TEST_HOST)";
				CODE_SIGN_STYLE = Automatic;
				DEVELOPMENT_TEAM = 59PVTAC458;
				INFOPLIST_FILE = YYUIKitTests/Info.plist;
				LD_RUNPATH_SEARCH_PATHS = (
					"$(inherited)",
					"@executable_path/Frameworks",
					"@loader_path/Frameworks",
				);
				PRODUCT_BUNDLE_IDENTIFIER = com.winwayworld.YYUIKitTests;
				PRODUCT_NAME = "$(TARGET_NAME)";
				TARGETED_DEVICE_FAMILY = "1,2";
				TEST_HOST = "$(BUILT_PRODUCTS_DIR)/YYUIKit.app/YYUIKit";
			};
			name = Debug;
		};
		119695DE213B9B61006035D4 /* Release */ = {
			isa = XCBuildConfiguration;
			buildSettings = {
				BUNDLE_LOADER = "$(TEST_HOST)";
				CODE_SIGN_STYLE = Automatic;
				DEVELOPMENT_TEAM = 59PVTAC458;
				INFOPLIST_FILE = YYUIKitTests/Info.plist;
				LD_RUNPATH_SEARCH_PATHS = (
					"$(inherited)",
					"@executable_path/Frameworks",
					"@loader_path/Frameworks",
				);
				PRODUCT_BUNDLE_IDENTIFIER = com.winwayworld.YYUIKitTests;
				PRODUCT_NAME = "$(TARGET_NAME)";
				TARGETED_DEVICE_FAMILY = "1,2";
				TEST_HOST = "$(BUILT_PRODUCTS_DIR)/YYUIKit.app/YYUIKit";
			};
			name = Release;
		};
		119695E0213B9B61006035D4 /* Debug */ = {
			isa = XCBuildConfiguration;
			buildSettings = {
				CODE_SIGN_STYLE = Automatic;
				DEVELOPMENT_TEAM = 59PVTAC458;
				INFOPLIST_FILE = YYUIKitUITests/Info.plist;
				LD_RUNPATH_SEARCH_PATHS = (
					"$(inherited)",
					"@executable_path/Frameworks",
					"@loader_path/Frameworks",
				);
				PRODUCT_BUNDLE_IDENTIFIER = com.winwayworld.YYUIKitUITests;
				PRODUCT_NAME = "$(TARGET_NAME)";
				TARGETED_DEVICE_FAMILY = "1,2";
				TEST_TARGET_NAME = YYUIKit;
			};
			name = Debug;
		};
		119695E1213B9B61006035D4 /* Release */ = {
			isa = XCBuildConfiguration;
			buildSettings = {
				CODE_SIGN_STYLE = Automatic;
				DEVELOPMENT_TEAM = 59PVTAC458;
				INFOPLIST_FILE = YYUIKitUITests/Info.plist;
				LD_RUNPATH_SEARCH_PATHS = (
					"$(inherited)",
					"@executable_path/Frameworks",
					"@loader_path/Frameworks",
				);
				PRODUCT_BUNDLE_IDENTIFIER = com.winwayworld.YYUIKitUITests;
				PRODUCT_NAME = "$(TARGET_NAME)";
				TARGETED_DEVICE_FAMILY = "1,2";
				TEST_TARGET_NAME = YYUIKit;
			};
			name = Release;
		};
/* End XCBuildConfiguration section */

/* Begin XCConfigurationList section */
		119695A8213B9B5E006035D4 /* Build configuration list for PBXProject "YYUIKit" */ = {
			isa = XCConfigurationList;
			buildConfigurations = (
				119695D7213B9B61006035D4 /* Debug */,
				119695D8213B9B61006035D4 /* Release */,
			);
			defaultConfigurationIsVisible = 0;
			defaultConfigurationName = Release;
		};
		119695D9213B9B61006035D4 /* Build configuration list for PBXNativeTarget "YYUIKit" */ = {
			isa = XCConfigurationList;
			buildConfigurations = (
				119695DA213B9B61006035D4 /* Debug */,
				119695DB213B9B61006035D4 /* Release */,
			);
			defaultConfigurationIsVisible = 0;
			defaultConfigurationName = Release;
		};
		119695DC213B9B61006035D4 /* Build configuration list for PBXNativeTarget "YYUIKitTests" */ = {
			isa = XCConfigurationList;
			buildConfigurations = (
				119695DD213B9B61006035D4 /* Debug */,
				119695DE213B9B61006035D4 /* Release */,
			);
			defaultConfigurationIsVisible = 0;
			defaultConfigurationName = Release;
		};
		119695DF213B9B61006035D4 /* Build configuration list for PBXNativeTarget "YYUIKitUITests" */ = {
			isa = XCConfigurationList;
			buildConfigurations = (
				119695E0213B9B61006035D4 /* Debug */,
				119695E1213B9B61006035D4 /* Release */,
			);
			defaultConfigurationIsVisible = 0;
			defaultConfigurationName = Release;
		};
/* End XCConfigurationList section */
	};
	rootObject = 119695A5213B9B5E006035D4 /* Project object */;
}
