// !$*UTF8*$!
{
	archiveVersion = 1;
	classes = {
	};
	objectVersion = 50;
	objects = {

/* Begin PBXBuildFile section */
		110B4407219C0AD10008B65C /* YYTableViewLayoutController.m in Sources */ = {isa = PBXBuildFile; fileRef = 110B4406219C0AD10008B65C /* YYTableViewLayoutController.m */; };
		110B440C219C0B190008B65C /* YYLayoutCell.m in Sources */ = {isa = PBXBuildFile; fileRef = 110B440A219C0B190008B65C /* YYLayoutCell.m */; };
		110B440D219C0B190008B65C /* YYLayoutCell.xib in Resources */ = {isa = PBXBuildFile; fileRef = 110B440B219C0B190008B65C /* YYLayoutCell.xib */; };
		112916142146120700B27CF0 /* YYTableViewController.m in Sources */ = {isa = PBXBuildFile; fileRef = 112916132146120700B27CF0 /* YYTableViewController.m */; };
		112916172146122100B27CF0 /* YYCollectionViewController.m in Sources */ = {isa = PBXBuildFile; fileRef = 112916162146122100B27CF0 /* YYCollectionViewController.m */; };
		1129161D214613D800B27CF0 /* YYMainTableViewCell.m in Sources */ = {isa = PBXBuildFile; fileRef = 1129161B214613D800B27CF0 /* YYMainTableViewCell.m */; };
		1129161E214613D800B27CF0 /* YYMainTableViewCell.xib in Resources */ = {isa = PBXBuildFile; fileRef = 1129161C214613D800B27CF0 /* YYMainTableViewCell.xib */; };
		11291626214615D800B27CF0 /* YYFootView.xib in Resources */ = {isa = PBXBuildFile; fileRef = 11291624214615D800B27CF0 /* YYFootView.xib */; };
		11291627214615D800B27CF0 /* YYFootView.m in Sources */ = {isa = PBXBuildFile; fileRef = 11291625214615D800B27CF0 /* YYFootView.m */; };
		1129162C214615DE00B27CF0 /* YYTableViewCell.m in Sources */ = {isa = PBXBuildFile; fileRef = 11291629214615DE00B27CF0 /* YYTableViewCell.m */; };
		1129162D214615DE00B27CF0 /* YYTableViewCell.xib in Resources */ = {isa = PBXBuildFile; fileRef = 1129162A214615DE00B27CF0 /* YYTableViewCell.xib */; };
		11291631214615EA00B27CF0 /* YYDrugModel.m in Sources */ = {isa = PBXBuildFile; fileRef = 11291630214615EA00B27CF0 /* YYDrugModel.m */; };
		112916372146512400B27CF0 /* YYCollectionViewCell.m in Sources */ = {isa = PBXBuildFile; fileRef = 112916352146512400B27CF0 /* YYCollectionViewCell.m */; };
		112916382146512400B27CF0 /* YYCollectionViewCell.xib in Resources */ = {isa = PBXBuildFile; fileRef = 112916362146512400B27CF0 /* YYCollectionViewCell.xib */; };
		1163FA5D21476D3E00809A0D /* YYNoDataView.m in Sources */ = {isa = PBXBuildFile; fileRef = 1163FA5C21476D3E00809A0D /* YYNoDataView.m */; };
		1163FA5F21476D4C00809A0D /* YYNoDataView.xib in Resources */ = {isa = PBXBuildFile; fileRef = 1163FA5E21476D4C00809A0D /* YYNoDataView.xib */; };
		116541F22188797800327303 /* YYArraySortViewController.m in Sources */ = {isa = PBXBuildFile; fileRef = 116541F12188797800327303 /* YYArraySortViewController.m */; };
		116541F621887D1A00327303 /* YYLabel.m in Sources */ = {isa = PBXBuildFile; fileRef = 116541F521887D1A00327303 /* YYLabel.m */; };
		116541FB21887D7000327303 /* YYLabelViewController.m in Sources */ = {isa = PBXBuildFile; fileRef = 116541FA21887D7000327303 /* YYLabelViewController.m */; };
		116A1AB5215CC8CE007238B8 /* YYDatePickerController.m in Sources */ = {isa = PBXBuildFile; fileRef = 116A1AB4215CC8CE007238B8 /* YYDatePickerController.m */; };
		119695B2213B9B5F006035D4 /* YYAppDelegate.m in Sources */ = {isa = PBXBuildFile; fileRef = 119695B1213B9B5F006035D4 /* YYAppDelegate.m */; };
		119695B5213B9B5F006035D4 /* YYMainViewController.m in Sources */ = {isa = PBXBuildFile; fileRef = 119695B4213B9B5F006035D4 /* YYMainViewController.m */; };
		119695B8213B9B5F006035D4 /* Main.storyboard in Resources */ = {isa = PBXBuildFile; fileRef = 119695B6213B9B5F006035D4 /* Main.storyboard */; };
		119695BA213B9B60006035D4 /* Assets.xcassets in Resources */ = {isa = PBXBuildFile; fileRef = 119695B9213B9B60006035D4 /* Assets.xcassets */; };
		119695BD213B9B60006035D4 /* LaunchScreen.storyboard in Resources */ = {isa = PBXBuildFile; fileRef = 119695BB213B9B60006035D4 /* LaunchScreen.storyboard */; };
		119695C0213B9B60006035D4 /* main.m in Sources */ = {isa = PBXBuildFile; fileRef = 119695BF213B9B60006035D4 /* main.m */; };
		119695CA213B9B61006035D4 /* YYUIKitTests.m in Sources */ = {isa = PBXBuildFile; fileRef = 119695C9213B9B61006035D4 /* YYUIKitTests.m */; };
		119695D5213B9B61006035D4 /* YYUIKitUITests.m in Sources */ = {isa = PBXBuildFile; fileRef = 119695D4213B9B61006035D4 /* YYUIKitUITests.m */; };
		119DB60421902FE500441B3B /* YYTextFieldViewController.m in Sources */ = {isa = PBXBuildFile; fileRef = 119DB60221902FE500441B3B /* YYTextFieldViewController.m */; };
		119DB60521902FE500441B3B /* YYTextFieldViewController.xib in Resources */ = {isa = PBXBuildFile; fileRef = 119DB60321902FE500441B3B /* YYTextFieldViewController.xib */; };
		11A0959721533CF40065DE6F /* YYNestingTableViewController.m in Sources */ = {isa = PBXBuildFile; fileRef = 11A0959621533CF40065DE6F /* YYNestingTableViewController.m */; };
		11A0959D21533D790065DE6F /* YYNestingCell.m in Sources */ = {isa = PBXBuildFile; fileRef = 11A0959B21533D790065DE6F /* YYNestingCell.m */; };
		11A0959E21533D790065DE6F /* YYNestingCell.xib in Resources */ = {isa = PBXBuildFile; fileRef = 11A0959C21533D790065DE6F /* YYNestingCell.xib */; };
		11A095A221533E540065DE6F /* YYNestingSmallCell.m in Sources */ = {isa = PBXBuildFile; fileRef = 11A095A021533E540065DE6F /* YYNestingSmallCell.m */; };
		11A095A321533E540065DE6F /* YYNestingSmallCell.xib in Resources */ = {isa = PBXBuildFile; fileRef = 11A095A121533E540065DE6F /* YYNestingSmallCell.xib */; };
		BD21611BB0A8C6302FA6B37A /* libPods-YYUIKit.a in Frameworks */ = {isa = PBXBuildFile; fileRef = 9EA75409AD8367526DBF9318 /* libPods-YYUIKit.a */; };
/* End PBXBuildFile section */

/* Begin PBXContainerItemProxy section */
		119695C6213B9B60006035D4 /* PBXContainerItemProxy */ = {
			isa = PBXContainerItemProxy;
			containerPortal = 119695A5213B9B5E006035D4 /* Project object */;
			proxyType = 1;
			remoteGlobalIDString = 119695AC213B9B5F006035D4;
			remoteInfo = YYUIKit;
		};
		119695D1213B9B61006035D4 /* PBXContainerItemProxy */ = {
			isa = PBXContainerItemProxy;
			containerPortal = 119695A5213B9B5E006035D4 /* Project object */;
			proxyType = 1;
			remoteGlobalIDString = 119695AC213B9B5F006035D4;
			remoteInfo = YYUIKit;
		};
/* End PBXContainerItemProxy section */

/* Begin PBXFileReference section */
		110B4405219C0AD10008B65C /* YYTableViewLayoutController.h */ = {isa = PBXFileReference; lastKnownFileType = sourcecode.c.h; path = YYTableViewLayoutController.h; sourceTree = "<group>"; };
		110B4406219C0AD10008B65C /* YYTableViewLayoutController.m */ = {isa = PBXFileReference; lastKnownFileType = sourcecode.c.objc; path = YYTableViewLayoutController.m; sourceTree = "<group>"; };
		110B4409219C0B190008B65C /* YYLayoutCell.h */ = {isa = PBXFileReference; lastKnownFileType = sourcecode.c.h; path = YYLayoutCell.h; sourceTree = "<group>"; };
		110B440A219C0B190008B65C /* YYLayoutCell.m */ = {isa = PBXFileReference; lastKnownFileType = sourcecode.c.objc; path = YYLayoutCell.m; sourceTree = "<group>"; };
		110B440B219C0B190008B65C /* YYLayoutCell.xib */ = {isa = PBXFileReference; lastKnownFileType = file.xib; path = YYLayoutCell.xib; sourceTree = "<group>"; };
		112916122146120700B27CF0 /* YYTableViewController.h */ = {isa = PBXFileReference; lastKnownFileType = sourcecode.c.h; path = YYTableViewController.h; sourceTree = "<group>"; };
		112916132146120700B27CF0 /* YYTableViewController.m */ = {isa = PBXFileReference; lastKnownFileType = sourcecode.c.objc; path = YYTableViewController.m; sourceTree = "<group>"; };
		112916152146122100B27CF0 /* YYCollectionViewController.h */ = {isa = PBXFileReference; lastKnownFileType = sourcecode.c.h; path = YYCollectionViewController.h; sourceTree = "<group>"; };
		112916162146122100B27CF0 /* YYCollectionViewController.m */ = {isa = PBXFileReference; lastKnownFileType = sourcecode.c.objc; path = YYCollectionViewController.m; sourceTree = "<group>"; };
		1129161A214613D800B27CF0 /* YYMainTableViewCell.h */ = {isa = PBXFileReference; lastKnownFileType = sourcecode.c.h; path = YYMainTableViewCell.h; sourceTree = "<group>"; };
		1129161B214613D800B27CF0 /* YYMainTableViewCell.m */ = {isa = PBXFileReference; lastKnownFileType = sourcecode.c.objc; path = YYMainTableViewCell.m; sourceTree = "<group>"; };
		1129161C214613D800B27CF0 /* YYMainTableViewCell.xib */ = {isa = PBXFileReference; lastKnownFileType = file.xib; path = YYMainTableViewCell.xib; sourceTree = "<group>"; };
		11291623214615D800B27CF0 /* YYFootView.h */ = {isa = PBXFileReference; fileEncoding = 4; lastKnownFileType = sourcecode.c.h; path = YYFootView.h; sourceTree = "<group>"; };
		11291624214615D800B27CF0 /* YYFootView.xib */ = {isa = PBXFileReference; fileEncoding = 4; lastKnownFileType = file.xib; path = YYFootView.xib; sourceTree = "<group>"; };
		11291625214615D800B27CF0 /* YYFootView.m */ = {isa = PBXFileReference; fileEncoding = 4; lastKnownFileType = sourcecode.c.objc; path = YYFootView.m; sourceTree = "<group>"; };
		11291629214615DE00B27CF0 /* YYTableViewCell.m */ = {isa = PBXFileReference; fileEncoding = 4; lastKnownFileType = sourcecode.c.objc; path = YYTableViewCell.m; sourceTree = "<group>"; };
		1129162A214615DE00B27CF0 /* YYTableViewCell.xib */ = {isa = PBXFileReference; fileEncoding = 4; lastKnownFileType = file.xib; path = YYTableViewCell.xib; sourceTree = "<group>"; };
		1129162B214615DE00B27CF0 /* YYTableViewCell.h */ = {isa = PBXFileReference; fileEncoding = 4; lastKnownFileType = sourcecode.c.h; path = YYTableViewCell.h; sourceTree = "<group>"; };
		1129162F214615EA00B27CF0 /* YYDrugModel.h */ = {isa = PBXFileReference; fileEncoding = 4; lastKnownFileType = sourcecode.c.h; path = YYDrugModel.h; sourceTree = "<group>"; };
		11291630214615EA00B27CF0 /* YYDrugModel.m */ = {isa = PBXFileReference; fileEncoding = 4; lastKnownFileType = sourcecode.c.objc; path = YYDrugModel.m; sourceTree = "<group>"; };
		112916342146512400B27CF0 /* YYCollectionViewCell.h */ = {isa = PBXFileReference; lastKnownFileType = sourcecode.c.h; path = YYCollectionViewCell.h; sourceTree = "<group>"; };
		112916352146512400B27CF0 /* YYCollectionViewCell.m */ = {isa = PBXFileReference; lastKnownFileType = sourcecode.c.objc; path = YYCollectionViewCell.m; sourceTree = "<group>"; };
		112916362146512400B27CF0 /* YYCollectionViewCell.xib */ = {isa = PBXFileReference; lastKnownFileType = file.xib; path = YYCollectionViewCell.xib; sourceTree = "<group>"; };
		1163FA5B21476D3E00809A0D /* YYNoDataView.h */ = {isa = PBXFileReference; lastKnownFileType = sourcecode.c.h; path = YYNoDataView.h; sourceTree = "<group>"; };
		1163FA5C21476D3E00809A0D /* YYNoDataView.m */ = {isa = PBXFileReference; lastKnownFileType = sourcecode.c.objc; path = YYNoDataView.m; sourceTree = "<group>"; };
		1163FA5E21476D4C00809A0D /* YYNoDataView.xib */ = {isa = PBXFileReference; lastKnownFileType = file.xib; path = YYNoDataView.xib; sourceTree = "<group>"; };
		116541F02188797800327303 /* YYArraySortViewController.h */ = {isa = PBXFileReference; lastKnownFileType = sourcecode.c.h; path = YYArraySortViewController.h; sourceTree = "<group>"; };
		116541F12188797800327303 /* YYArraySortViewController.m */ = {isa = PBXFileReference; lastKnownFileType = sourcecode.c.objc; path = YYArraySortViewController.m; sourceTree = "<group>"; };
		116541F421887D1A00327303 /* YYLabel.h */ = {isa = PBXFileReference; lastKnownFileType = sourcecode.c.h; path = YYLabel.h; sourceTree = "<group>"; };
		116541F521887D1A00327303 /* YYLabel.m */ = {isa = PBXFileReference; lastKnownFileType = sourcecode.c.objc; path = YYLabel.m; sourceTree = "<group>"; };
		116541F921887D7000327303 /* YYLabelViewController.h */ = {isa = PBXFileReference; lastKnownFileType = sourcecode.c.h; path = YYLabelViewController.h; sourceTree = "<group>"; };
		116541FA21887D7000327303 /* YYLabelViewController.m */ = {isa = PBXFileReference; lastKnownFileType = sourcecode.c.objc; path = YYLabelViewController.m; sourceTree = "<group>"; };
		116A1AB3215CC8CE007238B8 /* YYDatePickerController.h */ = {isa = PBXFileReference; lastKnownFileType = sourcecode.c.h; path = YYDatePickerController.h; sourceTree = "<group>"; };
		116A1AB4215CC8CE007238B8 /* YYDatePickerController.m */ = {isa = PBXFileReference; lastKnownFileType = sourcecode.c.objc; path = YYDatePickerController.m; sourceTree = "<group>"; };
		119695AD213B9B5F006035D4 /* YYUIKit.app */ = {isa = PBXFileReference; explicitFileType = wrapper.application; includeInIndex = 0; path = YYUIKit.app; sourceTree = BUILT_PRODUCTS_DIR; };
		119695B0213B9B5F006035D4 /* YYAppDelegate.h */ = {isa = PBXFileReference; lastKnownFileType = sourcecode.c.h; path = YYAppDelegate.h; sourceTree = "<group>"; };
		119695B1213B9B5F006035D4 /* YYAppDelegate.m */ = {isa = PBXFileReference; lastKnownFileType = sourcecode.c.objc; path = YYAppDelegate.m; sourceTree = "<group>"; };
		119695B3213B9B5F006035D4 /* YYMainViewController.h */ = {isa = PBXFileReference; lastKnownFileType = sourcecode.c.h; path = YYMainViewController.h; sourceTree = "<group>"; };
		119695B4213B9B5F006035D4 /* YYMainViewController.m */ = {isa = PBXFileReference; lastKnownFileType = sourcecode.c.objc; path = YYMainViewController.m; sourceTree = "<group>"; };
		119695B7213B9B5F006035D4 /* Base */ = {isa = PBXFileReference; lastKnownFileType = file.storyboard; name = Base; path = Base.lproj/Main.storyboard; sourceTree = "<group>"; };
		119695B9213B9B60006035D4 /* Assets.xcassets */ = {isa = PBXFileReference; lastKnownFileType = folder.assetcatalog; path = Assets.xcassets; sourceTree = "<group>"; };
		119695BC213B9B60006035D4 /* Base */ = {isa = PBXFileReference; lastKnownFileType = file.storyboard; name = Base; path = Base.lproj/LaunchScreen.storyboard; sourceTree = "<group>"; };
		119695BE213B9B60006035D4 /* Info.plist */ = {isa = PBXFileReference; lastKnownFileType = text.plist.xml; path = Info.plist; sourceTree = "<group>"; };
		119695BF213B9B60006035D4 /* main.m */ = {isa = PBXFileReference; lastKnownFileType = sourcecode.c.objc; path = main.m; sourceTree = "<group>"; };
		119695C5213B9B60006035D4 /* YYUIKitTests.xctest */ = {isa = PBXFileReference; explicitFileType = wrapper.cfbundle; includeInIndex = 0; path = YYUIKitTests.xctest; sourceTree = BUILT_PRODUCTS_DIR; };
		119695C9213B9B61006035D4 /* YYUIKitTests.m */ = {isa = PBXFileReference; lastKnownFileType = sourcecode.c.objc; path = YYUIKitTests.m; sourceTree = "<group>"; };
		119695CB213B9B61006035D4 /* Info.plist */ = {isa = PBXFileReference; lastKnownFileType = text.plist.xml; path = Info.plist; sourceTree = "<group>"; };
		119695D0213B9B61006035D4 /* YYUIKitUITests.xctest */ = {isa = PBXFileReference; explicitFileType = wrapper.cfbundle; includeInIndex = 0; path = YYUIKitUITests.xctest; sourceTree = BUILT_PRODUCTS_DIR; };
		119695D4213B9B61006035D4 /* YYUIKitUITests.m */ = {isa = PBXFileReference; lastKnownFileType = sourcecode.c.objc; path = YYUIKitUITests.m; sourceTree = "<group>"; };
		119695D6213B9B61006035D4 /* Info.plist */ = {isa = PBXFileReference; lastKnownFileType = text.plist.xml; path = Info.plist; sourceTree = "<group>"; };
		119DB60121902FE500441B3B /* YYTextFieldViewController.h */ = {isa = PBXFileReference; lastKnownFileType = sourcecode.c.h; path = YYTextFieldViewController.h; sourceTree = "<group>"; };
		119DB60221902FE500441B3B /* YYTextFieldViewController.m */ = {isa = PBXFileReference; lastKnownFileType = sourcecode.c.objc; path = YYTextFieldViewController.m; sourceTree = "<group>"; };
		119DB60321902FE500441B3B /* YYTextFieldViewController.xib */ = {isa = PBXFileReference; lastKnownFileType = file.xib; path = YYTextFieldViewController.xib; sourceTree = "<group>"; };
		11A0959521533CF40065DE6F /* YYNestingTableViewController.h */ = {isa = PBXFileReference; lastKnownFileType = sourcecode.c.h; path = YYNestingTableViewController.h; sourceTree = "<group>"; };
		11A0959621533CF40065DE6F /* YYNestingTableViewController.m */ = {isa = PBXFileReference; lastKnownFileType = sourcecode.c.objc; path = YYNestingTableViewController.m; sourceTree = "<group>"; };
		11A0959A21533D790065DE6F /* YYNestingCell.h */ = {isa = PBXFileReference; lastKnownFileType = sourcecode.c.h; path = YYNestingCell.h; sourceTree = "<group>"; };
		11A0959B21533D790065DE6F /* YYNestingCell.m */ = {isa = PBXFileReference; lastKnownFileType = sourcecode.c.objc; path = YYNestingCell.m; sourceTree = "<group>"; };
		11A0959C21533D790065DE6F /* YYNestingCell.xib */ = {isa = PBXFileReference; lastKnownFileType = file.xib; path = YYNestingCell.xib; sourceTree = "<group>"; };
		11A0959F21533E540065DE6F /* YYNestingSmallCell.h */ = {isa = PBXFileReference; lastKnownFileType = sourcecode.c.h; path = YYNestingSmallCell.h; sourceTree = "<group>"; };
		11A095A021533E540065DE6F /* YYNestingSmallCell.m */ = {isa = PBXFileReference; lastKnownFileType = sourcecode.c.objc; path = YYNestingSmallCell.m; sourceTree = "<group>"; };
		11A095A121533E540065DE6F /* YYNestingSmallCell.xib */ = {isa = PBXFileReference; lastKnownFileType = file.xib; path = YYNestingSmallCell.xib; sourceTree = "<group>"; };
		455DF9753812959CA6F12E3C /* Pods-YYUIKit.debug.xcconfig */ = {isa = PBXFileReference; includeInIndex = 1; lastKnownFileType = text.xcconfig; name = "Pods-YYUIKit.debug.xcconfig"; path = "Pods/Target Support Files/Pods-YYUIKit/Pods-YYUIKit.debug.xcconfig"; sourceTree = "<group>"; };
		9EA75409AD8367526DBF9318 /* libPods-YYUIKit.a */ = {isa = PBXFileReference; explicitFileType = archive.ar; includeInIndex = 0; path = "libPods-YYUIKit.a"; sourceTree = BUILT_PRODUCTS_DIR; };
		D3D6D655FED25935A1370CAC /* Pods-YYUIKit.release.xcconfig */ = {isa = PBXFileReference; includeInIndex = 1; lastKnownFileType = text.xcconfig; name = "Pods-YYUIKit.release.xcconfig"; path = "Pods/Target Support Files/Pods-YYUIKit/Pods-YYUIKit.release.xcconfig"; sourceTree = "<group>"; };
/* End PBXFileReference section */

/* Begin PBXFrameworksBuildPhase section */
		119695AA213B9B5F006035D4 /* Frameworks */ = {
			isa = PBXFrameworksBuildPhase;
			buildActionMask = 2147483647;
			files = (
				BD21611BB0A8C6302FA6B37A /* libPods-YYUIKit.a in Frameworks */,
			);
			runOnlyForDeploymentPostprocessing = 0;
		};
		119695C2213B9B60006035D4 /* Frameworks */ = {
			isa = PBXFrameworksBuildPhase;
			buildActionMask = 2147483647;
			files = (
			);
			runOnlyForDeploymentPostprocessing = 0;
		};
		119695CD213B9B61006035D4 /* Frameworks */ = {
			isa = PBXFrameworksBuildPhase;
			buildActionMask = 2147483647;
			files = (
			);
			runOnlyForDeploymentPostprocessing = 0;
		};
/* End PBXFrameworksBuildPhase section */

/* Begin PBXGroup section */
		110B4403219C0A790008B65C /* tableViewCell自动布局 */ = {
			isa = PBXGroup;
			children = (
				110B4404219C0A990008B65C /* Controller */,
				110B4408219C0AF90008B65C /* View */,
			);
			path = "tableViewCell自动布局";
			sourceTree = "<group>";
		};
		110B4404219C0A990008B65C /* Controller */ = {
			isa = PBXGroup;
			children = (
				110B4405219C0AD10008B65C /* YYTableViewLayoutController.h */,
				110B4406219C0AD10008B65C /* YYTableViewLayoutController.m */,
			);
			path = Controller;
			sourceTree = "<group>";
		};
		110B4408219C0AF90008B65C /* View */ = {
			isa = PBXGroup;
			children = (
				110B4409219C0B190008B65C /* YYLayoutCell.h */,
				110B440A219C0B190008B65C /* YYLayoutCell.m */,
				110B440B219C0B190008B65C /* YYLayoutCell.xib */,
			);
			path = View;
			sourceTree = "<group>";
		};
		112916112146119B00B27CF0 /* UITableView分组 */ = {
			isa = PBXGroup;
			children = (
				1129161F2146156900B27CF0 /* Controller */,
				112916202146157D00B27CF0 /* View */,
				1129162E214615EA00B27CF0 /* Model */,
			);
			path = "UITableView分组";
			sourceTree = "<group>";
		};
		112916182146139A00B27CF0 /* Controller */ = {
			isa = PBXGroup;
			children = (
				119695B3213B9B5F006035D4 /* YYMainViewController.h */,
				119695B4213B9B5F006035D4 /* YYMainViewController.m */,
			);
			path = Controller;
			sourceTree = "<group>";
		};
		11291619214613A200B27CF0 /* View */ = {
			isa = PBXGroup;
			children = (
				1129161A214613D800B27CF0 /* YYMainTableViewCell.h */,
				1129161B214613D800B27CF0 /* YYMainTableViewCell.m */,
				1129161C214613D800B27CF0 /* YYMainTableViewCell.xib */,
			);
			path = View;
			sourceTree = "<group>";
		};
		1129161F2146156900B27CF0 /* Controller */ = {
			isa = PBXGroup;
			children = (
				112916122146120700B27CF0 /* YYTableViewController.h */,
				112916132146120700B27CF0 /* YYTableViewController.m */,
			);
			path = Controller;
			sourceTree = "<group>";
		};
		112916202146157D00B27CF0 /* View */ = {
			isa = PBXGroup;
			children = (
				1163FA5A21476D2200809A0D /* NoDataView */,
				11291622214615D800B27CF0 /* FootView */,
				11291628214615DE00B27CF0 /* cell */,
			);
			path = View;
			sourceTree = "<group>";
		};
		112916212146158400B27CF0 /* Controller */ = {
			isa = PBXGroup;
			children = (
				112916152146122100B27CF0 /* YYCollectionViewController.h */,
				112916162146122100B27CF0 /* YYCollectionViewController.m */,
			);
			path = Controller;
			sourceTree = "<group>";
		};
		11291622214615D800B27CF0 /* FootView */ = {
			isa = PBXGroup;
			children = (
				11291623214615D800B27CF0 /* YYFootView.h */,
				11291625214615D800B27CF0 /* YYFootView.m */,
				11291624214615D800B27CF0 /* YYFootView.xib */,
			);
			path = FootView;
			sourceTree = "<group>";
		};
		11291628214615DE00B27CF0 /* cell */ = {
			isa = PBXGroup;
			children = (
				1129162B214615DE00B27CF0 /* YYTableViewCell.h */,
				11291629214615DE00B27CF0 /* YYTableViewCell.m */,
				1129162A214615DE00B27CF0 /* YYTableViewCell.xib */,
			);
			path = cell;
			sourceTree = "<group>";
		};
		1129162E214615EA00B27CF0 /* Model */ = {
			isa = PBXGroup;
			children = (
				1129162F214615EA00B27CF0 /* YYDrugModel.h */,
				11291630214615EA00B27CF0 /* YYDrugModel.m */,
			);
			path = Model;
			sourceTree = "<group>";
		};
		11291632214650E200B27CF0 /* View */ = {
			isa = PBXGroup;
			children = (
				112916342146512400B27CF0 /* YYCollectionViewCell.h */,
				112916352146512400B27CF0 /* YYCollectionViewCell.m */,
				112916362146512400B27CF0 /* YYCollectionViewCell.xib */,
			);
			path = View;
			sourceTree = "<group>";
		};
		1163FA5A21476D2200809A0D /* NoDataView */ = {
			isa = PBXGroup;
			children = (
				1163FA5B21476D3E00809A0D /* YYNoDataView.h */,
				1163FA5C21476D3E00809A0D /* YYNoDataView.m */,
				1163FA5E21476D4C00809A0D /* YYNoDataView.xib */,
			);
			path = NoDataView;
			sourceTree = "<group>";
		};
		116541EF2188793500327303 /* 数组排序 */ = {
			isa = PBXGroup;
			children = (
				116541F02188797800327303 /* YYArraySortViewController.h */,
				116541F12188797800327303 /* YYArraySortViewController.m */,
			);
			path = "数组排序";
			sourceTree = "<group>";
		};
		116541F321887CF000327303 /* YYLabel */ = {
			isa = PBXGroup;
			children = (
				116541F421887D1A00327303 /* YYLabel.h */,
				116541F521887D1A00327303 /* YYLabel.m */,
			);
			path = YYLabel;
			sourceTree = "<group>";
		};
		116541F721887D3C00327303 /* Label相关 */ = {
			isa = PBXGroup;
			children = (
				116541F921887D7000327303 /* YYLabelViewController.h */,
				116541FA21887D7000327303 /* YYLabelViewController.m */,
			);
			path = "Label相关";
			sourceTree = "<group>";
		};
		116A1AB2215CC8A0007238B8 /* UIDatePicker */ = {
			isa = PBXGroup;
			children = (
				116A1AB3215CC8CE007238B8 /* YYDatePickerController.h */,
				116A1AB4215CC8CE007238B8 /* YYDatePickerController.m */,
			);
			path = UIDatePicker;
			sourceTree = "<group>";
		};
		119695A4213B9B5E006035D4 = {
			isa = PBXGroup;
			children = (
				116541F321887CF000327303 /* YYLabel */,
				119695AF213B9B5F006035D4 /* YYUIKit */,
				119695C8213B9B60006035D4 /* YYUIKitTests */,
				119695D3213B9B61006035D4 /* YYUIKitUITests */,
				119695AE213B9B5F006035D4 /* Products */,
				7E38A2554EAB369405CFD9DE /* Pods */,
				6ED263F249265E0980718AD5 /* Frameworks */,
			);
			sourceTree = "<group>";
		};
		119695AE213B9B5F006035D4 /* Products */ = {
			isa = PBXGroup;
			children = (
				119695AD213B9B5F006035D4 /* YYUIKit.app */,
				119695C5213B9B60006035D4 /* YYUIKitTests.xctest */,
				119695D0213B9B61006035D4 /* YYUIKitUITests.xctest */,
			);
			name = Products;
			sourceTree = "<group>";
		};
		119695AF213B9B5F006035D4 /* YYUIKit */ = {
			isa = PBXGroup;
			children = (
				11DA89C2213BA10700F57154 /* AppDelegate */,
				11DA89C3213BA11500F57154 /* main */,
				116541EF2188793500327303 /* 数组排序 */,
				116541F721887D3C00327303 /* Label相关 */,
				119DB5FF21902FB700441B3B /* UITextField */,
				112916112146119B00B27CF0 /* UITableView分组 */,
				110B4403219C0A790008B65C /* tableViewCell自动布局 */,
				11DA89C5213BA39C00F57154 /* UICollectionView分组 */,
				11A0959421533C7E0065DE6F /* UITableView嵌套tableView */,
				116A1AB2215CC8A0007238B8 /* UIDatePicker */,
				11DA89C4213BA12000F57154 /* other */,
			);
			path = YYUIKit;
			sourceTree = "<group>";
		};
		119695C8213B9B60006035D4 /* YYUIKitTests */ = {
			isa = PBXGroup;
			children = (
				119695C9213B9B61006035D4 /* YYUIKitTests.m */,
				119695CB213B9B61006035D4 /* Info.plist */,
			);
			path = YYUIKitTests;
			sourceTree = "<group>";
		};
		119695D3213B9B61006035D4 /* YYUIKitUITests */ = {
			isa = PBXGroup;
			children = (
				119695D4213B9B61006035D4 /* YYUIKitUITests.m */,
				119695D6213B9B61006035D4 /* Info.plist */,
			);
			path = YYUIKitUITests;
			sourceTree = "<group>";
		};
		119DB5FF21902FB700441B3B /* UITextField */ = {
			isa = PBXGroup;
			children = (
				119DB60021902FC800441B3B /* Controller */,
			);
			path = UITextField;
			sourceTree = "<group>";
		};
		119DB60021902FC800441B3B /* Controller */ = {
			isa = PBXGroup;
			children = (
				119DB60121902FE500441B3B /* YYTextFieldViewController.h */,
				119DB60221902FE500441B3B /* YYTextFieldViewController.m */,
				119DB60321902FE500441B3B /* YYTextFieldViewController.xib */,
			);
			path = Controller;
			sourceTree = "<group>";
		};
		11A0959421533C7E0065DE6F /* UITableView嵌套tableView */ = {
			isa = PBXGroup;
			children = (
				11A0959821533CFE0065DE6F /* Controller */,
				11A0959921533D5C0065DE6F /* View */,
			);
			path = "UITableView嵌套tableView";
			sourceTree = "<group>";
		};
		11A0959821533CFE0065DE6F /* Controller */ = {
			isa = PBXGroup;
			children = (
				11A0959521533CF40065DE6F /* YYNestingTableViewController.h */,
				11A0959621533CF40065DE6F /* YYNestingTableViewController.m */,
			);
			path = Controller;
			sourceTree = "<group>";
		};
		11A0959921533D5C0065DE6F /* View */ = {
			isa = PBXGroup;
			children = (
				11A0959A21533D790065DE6F /* YYNestingCell.h */,
				11A0959B21533D790065DE6F /* YYNestingCell.m */,
				11A0959C21533D790065DE6F /* YYNestingCell.xib */,
				11A0959F21533E540065DE6F /* YYNestingSmallCell.h */,
				11A095A021533E540065DE6F /* YYNestingSmallCell.m */,
				11A095A121533E540065DE6F /* YYNestingSmallCell.xib */,
			);
			path = View;
			sourceTree = "<group>";
		};
		11DA89C2213BA10700F57154 /* AppDelegate */ = {
			isa = PBXGroup;
			children = (
				119695B0213B9B5F006035D4 /* YYAppDelegate.h */,
				119695B1213B9B5F006035D4 /* YYAppDelegate.m */,
			);
			path = AppDelegate;
			sourceTree = "<group>";
		};
		11DA89C3213BA11500F57154 /* main */ = {
			isa = PBXGroup;
			children = (
				112916182146139A00B27CF0 /* Controller */,
				11291619214613A200B27CF0 /* View */,
			);
			path = main;
			sourceTree = "<group>";
		};
		11DA89C4213BA12000F57154 /* other */ = {
			isa = PBXGroup;
			children = (
				119695BE213B9B60006035D4 /* Info.plist */,
				119695BF213B9B60006035D4 /* main.m */,
				119695B6213B9B5F006035D4 /* Main.storyboard */,
				119695BB213B9B60006035D4 /* LaunchScreen.storyboard */,
				119695B9213B9B60006035D4 /* Assets.xcassets */,
			);
			path = other;
			sourceTree = "<group>";
		};
		11DA89C5213BA39C00F57154 /* UICollectionView分组 */ = {
			isa = PBXGroup;
			children = (
				112916212146158400B27CF0 /* Controller */,
				11291632214650E200B27CF0 /* View */,
			);
			path = "UICollectionView分组";
			sourceTree = "<group>";
		};
		6ED263F249265E0980718AD5 /* Frameworks */ = {
			isa = PBXGroup;
			children = (
				9EA75409AD8367526DBF9318 /* libPods-YYUIKit.a */,
			);
			name = Frameworks;
			sourceTree = "<group>";
		};
		7E38A2554EAB369405CFD9DE /* Pods */ = {
			isa = PBXGroup;
			children = (
				455DF9753812959CA6F12E3C /* Pods-YYUIKit.debug.xcconfig */,
				D3D6D655FED25935A1370CAC /* Pods-YYUIKit.release.xcconfig */,
			);
			name = Pods;
			sourceTree = "<group>";
		};
/* End PBXGroup section */

/* Begin PBXNativeTarget section */
		119695AC213B9B5F006035D4 /* YYUIKit */ = {
			isa = PBXNativeTarget;
			buildConfigurationList = 119695D9213B9B61006035D4 /* Build configuration list for PBXNativeTarget "YYUIKit" */;
			buildPhases = (
				6BB345AC5F801121CA8EAE98 /* [CP] Check Pods Manifest.lock */,
				119695A9213B9B5F006035D4 /* Sources */,
				119695AA213B9B5F006035D4 /* Frameworks */,
				119695AB213B9B5F006035D4 /* Resources */,
			);
			buildRules = (
			);
			dependencies = (
			);
			name = YYUIKit;
			productName = YYUIKit;
			productReference = 119695AD213B9B5F006035D4 /* YYUIKit.app */;
			productType = "com.apple.product-type.application";
		};
		119695C4213B9B60006035D4 /* YYUIKitTests */ = {
			isa = PBXNativeTarget;
			buildConfigurationList = 119695DC213B9B61006035D4 /* Build configuration list for PBXNativeTarget "YYUIKitTests" */;
			buildPhases = (
				119695C1213B9B60006035D4 /* Sources */,
				119695C2213B9B60006035D4 /* Frameworks */,
				119695C3213B9B60006035D4 /* Resources */,
			);
			buildRules = (
			);
			dependencies = (
				119695C7213B9B60006035D4 /* PBXTargetDependency */,
			);
			name = YYUIKitTests;
			productName = YYUIKitTests;
			productReference = 119695C5213B9B60006035D4 /* YYUIKitTests.xctest */;
			productType = "com.apple.product-type.bundle.unit-test";
		};
		119695CF213B9B61006035D4 /* YYUIKitUITests */ = {
			isa = PBXNativeTarget;
			buildConfigurationList = 119695DF213B9B61006035D4 /* Build configuration list for PBXNativeTarget "YYUIKitUITests" */;
			buildPhases = (
				119695CC213B9B61006035D4 /* Sources */,
				119695CD213B9B61006035D4 /* Frameworks */,
				119695CE213B9B61006035D4 /* Resources */,
			);
			buildRules = (
			);
			dependencies = (
				119695D2213B9B61006035D4 /* PBXTargetDependency */,
			);
			name = YYUIKitUITests;
			productName = YYUIKitUITests;
			productReference = 119695D0213B9B61006035D4 /* YYUIKitUITests.xctest */;
			productType = "com.apple.product-type.bundle.ui-testing";
		};
/* End PBXNativeTarget section */

/* Begin PBXProject section */
		119695A5213B9B5E006035D4 /* Project object */ = {
			isa = PBXProject;
			attributes = {
				LastUpgradeCheck = 0940;
				ORGANIZATIONNAME = winwayworld;
				TargetAttributes = {
					119695AC213B9B5F006035D4 = {
						CreatedOnToolsVersion = 9.4.1;
					};
					119695C4213B9B60006035D4 = {
						CreatedOnToolsVersion = 9.4.1;
						TestTargetID = 119695AC213B9B5F006035D4;
					};
					119695CF213B9B61006035D4 = {
						CreatedOnToolsVersion = 9.4.1;
						TestTargetID = 119695AC213B9B5F006035D4;
					};
				};
			};
			buildConfigurationList = 119695A8213B9B5E006035D4 /* Build configuration list for PBXProject "YYUIKit" */;
			compatibilityVersion = "Xcode 9.3";
			developmentRegion = en;
			hasScannedForEncodings = 0;
			knownRegions = (
				en,
				Base,
			);
			mainGroup = 119695A4213B9B5E006035D4;
			productRefGroup = 119695AE213B9B5F006035D4 /* Products */;
			projectDirPath = "";
			projectRoot = "";
			targets = (
				119695AC213B9B5F006035D4 /* YYUIKit */,
				119695C4213B9B60006035D4 /* YYUIKitTests */,
				119695CF213B9B61006035D4 /* YYUIKitUITests */,
			);
		};
/* End PBXProject section */

/* Begin PBXResourcesBuildPhase section */
		119695AB213B9B5F006035D4 /* Resources */ = {
			isa = PBXResourcesBuildPhase;
			buildActionMask = 2147483647;
			files = (
				119695BD213B9B60006035D4 /* LaunchScreen.storyboard in Resources */,
				1129162D214615DE00B27CF0 /* YYTableViewCell.xib in Resources */,
				119695BA213B9B60006035D4 /* Assets.xcassets in Resources */,
				1129161E214613D800B27CF0 /* YYMainTableViewCell.xib in Resources */,
				11A095A321533E540065DE6F /* YYNestingSmallCell.xib in Resources */,
				119DB60521902FE500441B3B /* YYTextFieldViewController.xib in Resources */,
				11291626214615D800B27CF0 /* YYFootView.xib in Resources */,
				1163FA5F21476D4C00809A0D /* YYNoDataView.xib in Resources */,
				119695B8213B9B5F006035D4 /* Main.storyboard in Resources */,
				110B440D219C0B190008B65C /* YYLayoutCell.xib in Resources */,
				11A0959E21533D790065DE6F /* YYNestingCell.xib in Resources */,
				112916382146512400B27CF0 /* YYCollectionViewCell.xib in Resources */,
			);
			runOnlyForDeploymentPostprocessing = 0;
		};
		119695C3213B9B60006035D4 /* Resources */ = {
			isa = PBXResourcesBuildPhase;
			buildActionMask = 2147483647;
			files = (
			);
			runOnlyForDeploymentPostprocessing = 0;
		};
		119695CE213B9B61006035D4 /* Resources */ = {
			isa = PBXResourcesBuildPhase;
			buildActionMask = 2147483647;
			files = (
			);
			runOnlyForDeploymentPostprocessing = 0;
		};
/* End PBXResourcesBuildPhase section */

/* Begin PBXShellScriptBuildPhase section */
		6BB345AC5F801121CA8EAE98 /* [CP] Check Pods Manifest.lock */ = {
			isa = PBXShellScriptBuildPhase;
			buildActionMask = 2147483647;
			files = (
			);
			inputPaths = (
				"${PODS_PODFILE_DIR_PATH}/Podfile.lock",
				"${PODS_ROOT}/Manifest.lock",
			);
			name = "[CP] Check Pods Manifest.lock";
			outputPaths = (
				"$(DERIVED_FILE_DIR)/Pods-YYUIKit-checkManifestLockResult.txt",
			);
			runOnlyForDeploymentPostprocessing = 0;
			shellPath = /bin/sh;
			shellScript = "diff \"${PODS_PODFILE_DIR_PATH}/Podfile.lock\" \"${PODS_ROOT}/Manifest.lock\" > /dev/null\nif [ $? != 0 ] ; then\n    # print error to STDERR\n    echo \"error: The sandbox is not in sync with the Podfile.lock. Run 'pod install' or update your CocoaPods installation.\" >&2\n    exit 1\nfi\n# This output is used by Xcode 'outputs' to avoid re-running this script phase.\necho \"SUCCESS\" > \"${SCRIPT_OUTPUT_FILE_0}\"\n";
			showEnvVarsInLog = 0;
		};
/* End PBXShellScriptBuildPhase section */

/* Begin PBXSourcesBuildPhase section */
		119695A9213B9B5F006035D4 /* Sources */ = {
			isa = PBXSourcesBuildPhase;
			buildActionMask = 2147483647;
			files = (
				119695B5213B9B5F006035D4 /* YYMainViewController.m in Sources */,
				1163FA5D21476D3E00809A0D /* YYNoDataView.m in Sources */,
				11A095A221533E540065DE6F /* YYNestingSmallCell.m in Sources */,
				110B440C219C0B190008B65C /* YYLayoutCell.m in Sources */,
				110B4407219C0AD10008B65C /* YYTableViewLayoutController.m in Sources */,
				116A1AB5215CC8CE007238B8 /* YYDatePickerController.m in Sources */,
				119DB60421902FE500441B3B /* YYTextFieldViewController.m in Sources */,
				1129162C214615DE00B27CF0 /* YYTableViewCell.m in Sources */,
				116541FB21887D7000327303 /* YYLabelViewController.m in Sources */,
				119695C0213B9B60006035D4 /* main.m in Sources */,
				112916172146122100B27CF0 /* YYCollectionViewController.m in Sources */,
				119695B2213B9B5F006035D4 /* YYAppDelegate.m in Sources */,
				11A0959D21533D790065DE6F /* YYNestingCell.m in Sources */,
				1129161D214613D800B27CF0 /* YYMainTableViewCell.m in Sources */,
				112916142146120700B27CF0 /* YYTableViewController.m in Sources */,
				11291631214615EA00B27CF0 /* YYDrugModel.m in Sources */,
				112916372146512400B27CF0 /* YYCollectionViewCell.m in Sources */,
				11A0959721533CF40065DE6F /* YYNestingTableViewController.m in Sources */,
				116541F621887D1A00327303 /* YYLabel.m in Sources */,
				116541F22188797800327303 /* YYArraySortViewController.m in Sources */,
				11291627214615D800B27CF0 /* YYFootView.m in Sources */,
			);
			runOnlyForDeploymentPostprocessing = 0;
		};
		119695C1213B9B60006035D4 /* Sources */ = {
			isa = PBXSourcesBuildPhase;
			buildActionMask = 2147483647;
			files = (
				119695CA213B9B61006035D4 /* YYUIKitTests.m in Sources */,
			);
			runOnlyForDeploymentPostprocessing = 0;
		};
		119695CC213B9B61006035D4 /* Sources */ = {
			isa = PBXSourcesBuildPhase;
			buildActionMask = 2147483647;
			files = (
				119695D5213B9B61006035D4 /* YYUIKitUITests.m in Sources */,
			);
			runOnlyForDeploymentPostprocessing = 0;
		};
/* End PBXSourcesBuildPhase section */

/* Begin PBXTargetDependency section */
		119695C7213B9B60006035D4 /* PBXTargetDependency */ = {
			isa = PBXTargetDependency;
			target = 119695AC213B9B5F006035D4 /* YYUIKit */;
			targetProxy = 119695C6213B9B60006035D4 /* PBXContainerItemProxy */;
		};
		119695D2213B9B61006035D4 /* PBXTargetDependency */ = {
			isa = PBXTargetDependency;
			target = 119695AC213B9B5F006035D4 /* YYUIKit */;
			targetProxy = 119695D1213B9B61006035D4 /* PBXContainerItemProxy */;
		};
/* End PBXTargetDependency section */

/* Begin PBXVariantGroup section */
		119695B6213B9B5F006035D4 /* Main.storyboard */ = {
			isa = PBXVariantGroup;
			children = (
				119695B7213B9B5F006035D4 /* Base */,
			);
			name = Main.storyboard;
			sourceTree = "<group>";
		};
		119695BB213B9B60006035D4 /* LaunchScreen.storyboard */ = {
			isa = PBXVariantGroup;
			children = (
				119695BC213B9B60006035D4 /* Base */,
			);
			name = LaunchScreen.storyboard;
			sourceTree = "<group>";
		};
/* End PBXVariantGroup section */

/* Begin XCBuildConfiguration section */
		119695D7213B9B61006035D4 /* Debug */ = {
			isa = XCBuildConfiguration;
			buildSettings = {
				ALWAYS_SEARCH_USER_PATHS = NO;
				CLANG_ANALYZER_NONNULL = YES;
				CLANG_ANALYZER_NUMBER_OBJECT_CONVERSION = YES_AGGRESSIVE;
				CLANG_CXX_LANGUAGE_STANDARD = "gnu++14";
				CLANG_CXX_LIBRARY = "libc++";
				CLANG_ENABLE_MODULES = YES;
				CLANG_ENABLE_OBJC_ARC = YES;
				CLANG_ENABLE_OBJC_WEAK = YES;
				CLANG_WARN_BLOCK_CAPTURE_AUTORELEASING = YES;
				CLANG_WARN_BOOL_CONVERSION = YES;
				CLANG_WARN_COMMA = YES;
				CLANG_WARN_CONSTANT_CONVERSION = YES;
				CLANG_WARN_DEPRECATED_OBJC_IMPLEMENTATIONS = YES;
				CLANG_WARN_DIRECT_OBJC_ISA_USAGE = YES_ERROR;
				CLANG_WARN_DOCUMENTATION_COMMENTS = YES;
				CLANG_WARN_EMPTY_BODY = YES;
				CLANG_WARN_ENUM_CONVERSION = YES;
				CLANG_WARN_INFINITE_RECURSION = YES;
				CLANG_WARN_INT_CONVERSION = YES;
				CLANG_WARN_NON_LITERAL_NULL_CONVERSION = YES;
				CLANG_WARN_OBJC_IMPLICIT_RETAIN_SELF = YES;
				CLANG_WARN_OBJC_LITERAL_CONVERSION = YES;
				CLANG_WARN_OBJC_ROOT_CLASS = YES_ERROR;
				CLANG_WARN_RANGE_LOOP_ANALYSIS = YES;
				CLANG_WARN_STRICT_PROTOTYPES = YES;
				CLANG_WARN_SUSPICIOUS_MOVE = YES;
				CLANG_WARN_UNGUARDED_AVAILABILITY = YES_AGGRESSIVE;
				CLANG_WARN_UNREACHABLE_CODE = YES;
				CLANG_WARN__DUPLICATE_METHOD_MATCH = YES;
				CODE_SIGN_IDENTITY = "iPhone Developer";
				COPY_PHASE_STRIP = NO;
				DEBUG_INFORMATION_FORMAT = dwarf;
				ENABLE_STRICT_OBJC_MSGSEND = YES;
				ENABLE_TESTABILITY = YES;
				GCC_C_LANGUAGE_STANDARD = gnu11;
				GCC_DYNAMIC_NO_PIC = NO;
				GCC_NO_COMMON_BLOCKS = YES;
				GCC_OPTIMIZATION_LEVEL = 0;
				GCC_PREPROCESSOR_DEFINITIONS = (
					"DEBUG=1",
					"$(inherited)",
				);
				GCC_WARN_64_TO_32_BIT_CONVERSION = YES;
				GCC_WARN_ABOUT_RETURN_TYPE = YES_ERROR;
				GCC_WARN_UNDECLARED_SELECTOR = YES;
				GCC_WARN_UNINITIALIZED_AUTOS = YES_AGGRESSIVE;
				GCC_WARN_UNUSED_FUNCTION = YES;
				GCC_WARN_UNUSED_VARIABLE = YES;
				IPHONEOS_DEPLOYMENT_TARGET = 11.4;
				MTL_ENABLE_DEBUG_INFO = YES;
				ONLY_ACTIVE_ARCH = YES;
				SDKROOT = iphoneos;
			};
			name = Debug;
		};
		119695D8213B9B61006035D4 /* Release */ = {
			isa = XCBuildConfiguration;
			buildSettings = {
				ALWAYS_SEARCH_USER_PATHS = NO;
				CLANG_ANALYZER_NONNULL = YES;
				CLANG_ANALYZER_NUMBER_OBJECT_CONVERSION = YES_AGGRESSIVE;
				CLANG_CXX_LANGUAGE_STANDARD = "gnu++14";
				CLANG_CXX_LIBRARY = "libc++";
				CLANG_ENABLE_MODULES = YES;
				CLANG_ENABLE_OBJC_ARC = YES;
				CLANG_ENABLE_OBJC_WEAK = YES;
				CLANG_WARN_BLOCK_CAPTURE_AUTORELEASING = YES;
				CLANG_WARN_BOOL_CONVERSION = YES;
				CLANG_WARN_COMMA = YES;
				CLANG_WARN_CONSTANT_CONVERSION = YES;
				CLANG_WARN_DEPRECATED_OBJC_IMPLEMENTATIONS = YES;
				CLANG_WARN_DIRECT_OBJC_ISA_USAGE = YES_ERROR;
				CLANG_WARN_DOCUMENTATION_COMMENTS = YES;
				CLANG_WARN_EMPTY_BODY = YES;
				CLANG_WARN_ENUM_CONVERSION = YES;
				CLANG_WARN_INFINITE_RECURSION = YES;
				CLANG_WARN_INT_CONVERSION = YES;
				CLANG_WARN_NON_LITERAL_NULL_CONVERSION = YES;
				CLANG_WARN_OBJC_IMPLICIT_RETAIN_SELF = YES;
				CLANG_WARN_OBJC_LITERAL_CONVERSION = YES;
				CLANG_WARN_OBJC_ROOT_CLASS = YES_ERROR;
				CLANG_WARN_RANGE_LOOP_ANALYSIS = YES;
				CLANG_WARN_STRICT_PROTOTYPES = YES;
				CLANG_WARN_SUSPICIOUS_MOVE = YES;
				CLANG_WARN_UNGUARDED_AVAILABILITY = YES_AGGRESSIVE;
				CLANG_WARN_UNREACHABLE_CODE = YES;
				CLANG_WARN__DUPLICATE_METHOD_MATCH = YES;
				CODE_SIGN_IDENTITY = "iPhone Developer";
				COPY_PHASE_STRIP = NO;
				DEBUG_INFORMATION_FORMAT = "dwarf-with-dsym";
				ENABLE_NS_ASSERTIONS = NO;
				ENABLE_STRICT_OBJC_MSGSEND = YES;
				GCC_C_LANGUAGE_STANDARD = gnu11;
				GCC_NO_COMMON_BLOCKS = YES;
				GCC_WARN_64_TO_32_BIT_CONVERSION = YES;
				GCC_WARN_ABOUT_RETURN_TYPE = YES_ERROR;
				GCC_WARN_UNDECLARED_SELECTOR = YES;
				GCC_WARN_UNINITIALIZED_AUTOS = YES_AGGRESSIVE;
				GCC_WARN_UNUSED_FUNCTION = YES;
				GCC_WARN_UNUSED_VARIABLE = YES;
				IPHONEOS_DEPLOYMENT_TARGET = 11.4;
				MTL_ENABLE_DEBUG_INFO = NO;
				SDKROOT = iphoneos;
				VALIDATE_PRODUCT = YES;
			};
			name = Release;
		};
		119695DA213B9B61006035D4 /* Debug */ = {
			isa = XCBuildConfiguration;
			baseConfigurationReference = 455DF9753812959CA6F12E3C /* Pods-YYUIKit.debug.xcconfig */;
			buildSettings = {
				ASSETCATALOG_COMPILER_APPICON_NAME = AppIcon;
				CODE_SIGN_STYLE = Automatic;
				DEVELOPMENT_TEAM = 59PVTAC458;
				INFOPLIST_FILE = YYUIKit/other/Info.plist;
				IPHONEOS_DEPLOYMENT_TARGET = 8.0;
				LD_RUNPATH_SEARCH_PATHS = (
					"$(inherited)",
					"@executable_path/Frameworks",
				);
				PRODUCT_BUNDLE_IDENTIFIER = com.yangshichuan.aishangxian;
				PRODUCT_NAME = "$(TARGET_NAME)";
				TARGETED_DEVICE_FAMILY = "1,2";
			};
			name = Debug;
		};
		119695DB213B9B61006035D4 /* Release */ = {
			isa = XCBuildConfiguration;
			baseConfigurationReference = D3D6D655FED25935A1370CAC /* Pods-YYUIKit.release.xcconfig */;
			buildSettings = {
				ASSETCATALOG_COMPILER_APPICON_NAME = AppIcon;
				CODE_SIGN_STYLE = Automatic;
				DEVELOPMENT_TEAM = 59PVTAC458;
				INFOPLIST_FILE = YYUIKit/other/Info.plist;
				IPHONEOS_DEPLOYMENT_TARGET = 8.0;
				LD_RUNPATH_SEARCH_PATHS = (
					"$(inherited)",
					"@executable_path/Frameworks",
				);
				PRODUCT_BUNDLE_IDENTIFIER = com.yangshichuan.aishangxian;
				PRODUCT_NAME = "$(TARGET_NAME)";
				TARGETED_DEVICE_FAMILY = "1,2";
			};
			name = Release;
		};
		119695DD213B9B61006035D4 /* Debug */ = {
			isa = XCBuildConfiguration;
			buildSettings = {
				BUNDLE_LOADER = "$(TEST_HOST)";
				CODE_SIGN_STYLE = Automatic;
				DEVELOPMENT_TEAM = 59PVTAC458;
				INFOPLIST_FILE = YYUIKitTests/Info.plist;
				LD_RUNPATH_SEARCH_PATHS = (
					"$(inherited)",
					"@executable_path/Frameworks",
					"@loader_path/Frameworks",
				);
				PRODUCT_BUNDLE_IDENTIFIER = com.winwayworld.YYUIKitTests;
				PRODUCT_NAME = "$(TARGET_NAME)";
				TARGETED_DEVICE_FAMILY = "1,2";
				TEST_HOST = "$(BUILT_PRODUCTS_DIR)/YYUIKit.app/YYUIKit";
			};
			name = Debug;
		};
		119695DE213B9B61006035D4 /* Release */ = {
			isa = XCBuildConfiguration;
			buildSettings = {
				BUNDLE_LOADER = "$(TEST_HOST)";
				CODE_SIGN_STYLE = Automatic;
				DEVELOPMENT_TEAM = 59PVTAC458;
				INFOPLIST_FILE = YYUIKitTests/Info.plist;
				LD_RUNPATH_SEARCH_PATHS = (
					"$(inherited)",
					"@executable_path/Frameworks",
					"@loader_path/Frameworks",
				);
				PRODUCT_BUNDLE_IDENTIFIER = com.winwayworld.YYUIKitTests;
				PRODUCT_NAME = "$(TARGET_NAME)";
				TARGETED_DEVICE_FAMILY = "1,2";
				TEST_HOST = "$(BUILT_PRODUCTS_DIR)/YYUIKit.app/YYUIKit";
			};
			name = Release;
		};
		119695E0213B9B61006035D4 /* Debug */ = {
			isa = XCBuildConfiguration;
			buildSettings = {
				CODE_SIGN_STYLE = Automatic;
				DEVELOPMENT_TEAM = 59PVTAC458;
				INFOPLIST_FILE = YYUIKitUITests/Info.plist;
				LD_RUNPATH_SEARCH_PATHS = (
					"$(inherited)",
					"@executable_path/Frameworks",
					"@loader_path/Frameworks",
				);
				PRODUCT_BUNDLE_IDENTIFIER = com.winwayworld.YYUIKitUITests;
				PRODUCT_NAME = "$(TARGET_NAME)";
				TARGETED_DEVICE_FAMILY = "1,2";
				TEST_TARGET_NAME = YYUIKit;
			};
			name = Debug;
		};
		119695E1213B9B61006035D4 /* Release */ = {
			isa = XCBuildConfiguration;
			buildSettings = {
				CODE_SIGN_STYLE = Automatic;
				DEVELOPMENT_TEAM = 59PVTAC458;
				INFOPLIST_FILE = YYUIKitUITests/Info.plist;
				LD_RUNPATH_SEARCH_PATHS = (
					"$(inherited)",
					"@executable_path/Frameworks",
					"@loader_path/Frameworks",
				);
				PRODUCT_BUNDLE_IDENTIFIER = com.winwayworld.YYUIKitUITests;
				PRODUCT_NAME = "$(TARGET_NAME)";
				TARGETED_DEVICE_FAMILY = "1,2";
				TEST_TARGET_NAME = YYUIKit;
			};
			name = Release;
		};
/* End XCBuildConfiguration section */

/* Begin XCConfigurationList section */
		119695A8213B9B5E006035D4 /* Build configuration list for PBXProject "YYUIKit" */ = {
			isa = XCConfigurationList;
			buildConfigurations = (
				119695D7213B9B61006035D4 /* Debug */,
				119695D8213B9B61006035D4 /* Release */,
			);
			defaultConfigurationIsVisible = 0;
			defaultConfigurationName = Release;
		};
		119695D9213B9B61006035D4 /* Build configuration list for PBXNativeTarget "YYUIKit" */ = {
			isa = XCConfigurationList;
			buildConfigurations = (
				119695DA213B9B61006035D4 /* Debug */,
				119695DB213B9B61006035D4 /* Release */,
			);
			defaultConfigurationIsVisible = 0;
			defaultConfigurationName = Release;
		};
		119695DC213B9B61006035D4 /* Build configuration list for PBXNativeTarget "YYUIKitTests" */ = {
			isa = XCConfigurationList;
			buildConfigurations = (
				119695DD213B9B61006035D4 /* Debug */,
				119695DE213B9B61006035D4 /* Release */,
			);
			defaultConfigurationIsVisible = 0;
			defaultConfigurationName = Release;
		};
		119695DF213B9B61006035D4 /* Build configuration list for PBXNativeTarget "YYUIKitUITests" */ = {
			isa = XCConfigurationList;
			buildConfigurations = (
				119695E0213B9B61006035D4 /* Debug */,
				119695E1213B9B61006035D4 /* Release */,
			);
			defaultConfigurationIsVisible = 0;
			defaultConfigurationName = Release;
		};
/* End XCConfigurationList section */
	};
	rootObject = 119695A5213B9B5E006035D4 /* Project object */;
}
